<?xml version="1.0" encoding="utf-8"?>
<Project ToolsVersion="4.0" xmlns="http://schemas.microsoft.com/developer/msbuild/2003">
  <ItemGroup>
    <ClCompile Include="APlateDBDraw.cpp">
      <Filter>소스 파일</Filter>
    </ClCompile>
    <ClCompile Include="APlateDrawAbut.cpp">
      <Filter>소스 파일</Filter>
    </ClCompile>
    <ClCompile Include="APlateDrawCalc.cpp">
      <Filter>소스 파일</Filter>
    </ClCompile>
    <ClCompile Include="APlateDrawCamber.cpp">
      <Filter>소스 파일</Filter>
    </ClCompile>
    <ClCompile Include="APlateDrawCross.cpp">
      <Filter>소스 파일</Filter>
    </ClCompile>
    <ClCompile Include="APlateDrawDanmyun.cpp">
      <Filter>소스 파일</Filter>
    </ClCompile>
    <ClCompile Include="APlateDrawDimJong.cpp">
      <Filter>소스 파일</Filter>
    </ClCompile>
    <ClCompile Include="APlateDrawDimPyung.cpp">
      <Filter>소스 파일</Filter>
    </ClCompile>
    <ClCompile Include="APlateDrawEtc.cpp">
      <Filter>소스 파일</Filter>
    </ClCompile>
    <ClCompile Include="APlateDrawHBracing.cpp">
      <Filter>소스 파일</Filter>
    </ClCompile>
    <ClCompile Include="APlateDrawJong.cpp">
      <Filter>소스 파일</Filter>
    </ClCompile>
    <ClCompile Include="APlateDrawLineInfo.cpp">
      <Filter>소스 파일</Filter>
    </ClCompile>
    <ClCompile Include="APlateDrawPyung.cpp">
      <Filter>소스 파일</Filter>
    </ClCompile>
    <ClCompile Include="APlateDrawSebu.cpp">
      <Filter>소스 파일</Filter>
    </ClCompile>
    <ClCompile Include="APlateDrawShoeCoord.cpp">
      <Filter>소스 파일</Filter>
    </ClCompile>
    <ClCompile Include="APlateDrawStandard.cpp">
      <Filter>소스 파일</Filter>
    </ClCompile>
    <ClCompile Include="APlateDrawSteel.cpp">
      <Filter>소스 파일</Filter>
    </ClCompile>
    <ClCompile Include="DimDBDeckBaseJong.cpp">
      <Filter>소스 파일</Filter>
    </ClCompile>
    <ClCompile Include="DimDBDeckBasePlan.cpp">
      <Filter>소스 파일</Filter>
    </ClCompile>
    <ClCompile Include="DimDomyunEx.cpp">
      <Filter>소스 파일</Filter>
    </ClCompile>
    <ClCompile Include="DrawDBBaseRebarJong.cpp">
      <Filter>소스 파일</Filter>
    </ClCompile>
    <ClCompile Include="DrawDBBaseRebarPlan.cpp">
      <Filter>소스 파일</Filter>
    </ClCompile>
    <ClCompile Include="DrawDBBaseRebarTU.cpp">
      <Filter>소스 파일</Filter>
    </ClCompile>
    <ClCompile Include="DrawDBDeck.cpp">
      <Filter>소스 파일</Filter>
    </ClCompile>
    <ClCompile Include="DrawDBFrontRebar.cpp">
      <Filter>소스 파일</Filter>
    </ClCompile>
    <ClCompile Include="DrawGuardFenceRebar.cpp">
      <Filter>소스 파일</Filter>
    </ClCompile>
    <ClCompile Include="DrawOpenRebar.cpp">
      <Filter>소스 파일</Filter>
    </ClCompile>
    <ClCompile Include="DrawSpacer.cpp">
      <Filter>소스 파일</Filter>
    </ClCompile>
    <ClCompile Include="DrawSupportRFBar.cpp">
      <Filter>소스 파일</Filter>
    </ClCompile>
    <ClCompile Include="PlateSymbolDom.cpp">
      <Filter>소스 파일</Filter>
    </ClCompile>
    <ClCompile Include="ShopSymbol.cpp">
      <Filter>소스 파일</Filter>
    </ClCompile>
    <ClCompile Include="StdAfx.cpp">
      <Filter>소스 파일</Filter>
    </ClCompile>
  </ItemGroup>
  <ItemGroup>
    <ClInclude Include="APlateDrawAbut.h">
      <Filter>헤더 파일</Filter>
    </ClInclude>
    <ClInclude Include="APlateDrawCalc.h">
      <Filter>헤더 파일</Filter>
    </ClInclude>
    <ClInclude Include="APlateDrawCamber.h">
      <Filter>헤더 파일</Filter>
    </ClInclude>
    <ClInclude Include="APlateDrawCross.h">
      <Filter>헤더 파일</Filter>
    </ClInclude>
    <ClInclude Include="APlateDrawDanmyun.h">
      <Filter>헤더 파일</Filter>
    </ClInclude>
    <ClInclude Include="APlateDrawDimJong.h">
      <Filter>헤더 파일</Filter>
    </ClInclude>
    <ClInclude Include="APlateDrawDimPyung.h">
      <Filter>헤더 파일</Filter>
    </ClInclude>
    <ClInclude Include="APlateDrawEtc.h">
      <Filter>헤더 파일</Filter>
    </ClInclude>
    <ClInclude Include="APlateDrawHBracing.h">
      <Filter>헤더 파일</Filter>
    </ClInclude>
    <ClInclude Include="APlateDrawJong.h">
      <Filter>헤더 파일</Filter>
    </ClInclude>
    <ClInclude Include="APlateDrawLineInfo.h">
      <Filter>헤더 파일</Filter>
    </ClInclude>
    <ClInclude Include="APlateDrawPyung.h">
      <Filter>헤더 파일</Filter>
    </ClInclude>
    <ClInclude Include="APlateDrawSebu.h">
      <Filter>헤더 파일</Filter>
    </ClInclude>
    <ClInclude Include="APlateDrawShoeCoord.h">
      <Filter>헤더 파일</Filter>
    </ClInclude>
    <ClInclude Include="APlateDrawStandard.h">
      <Filter>헤더 파일</Filter>
    </ClInclude>
    <ClInclude Include="APlateDrawSteel.h">
      <Filter>헤더 파일</Filter>
    </ClInclude>
    <ClInclude Include="DimDBDeckBaseJong.h">
      <Filter>헤더 파일</Filter>
    </ClInclude>
    <ClInclude Include="DimDBDeckBasePlan.h">
      <Filter>헤더 파일</Filter>
    </ClInclude>
    <ClInclude Include="DimDomyunEx.h">
      <Filter>헤더 파일</Filter>
    </ClInclude>
    <ClInclude Include="DrawDBBaseRebarJong.h">
      <Filter>헤더 파일</Filter>
    </ClInclude>
    <ClInclude Include="DrawDBBaseRebarPlan.h">
      <Filter>헤더 파일</Filter>
    </ClInclude>
    <ClInclude Include="DrawDBBaseRebarTU.h">
      <Filter>헤더 파일</Filter>
    </ClInclude>
    <ClInclude Include="DrawDBDeck.h">
      <Filter>헤더 파일</Filter>
    </ClInclude>
    <ClInclude Include="DrawDBFrontRebar.h">
      <Filter>헤더 파일</Filter>
    </ClInclude>
    <ClInclude Include="DrawGuardFenceRebar.h">
      <Filter>헤더 파일</Filter>
    </ClInclude>
    <ClInclude Include="DrawOpenRebar.h">
      <Filter>헤더 파일</Filter>
    </ClInclude>
    <ClInclude Include="DrawSpacer.h">
      <Filter>헤더 파일</Filter>
    </ClInclude>
    <ClInclude Include="DrawSupportRFBar.h">
      <Filter>헤더 파일</Filter>
    </ClInclude>
    <ClInclude Include="PlateSymbolDom.h">
      <Filter>헤더 파일</Filter>
    </ClInclude>
    <ClInclude Include="Resource.h">
      <Filter>헤더 파일</Filter>
    </ClInclude>
    <ClInclude Include="ShopSymbol.h">
      <Filter>헤더 파일</Filter>
    </ClInclude>
    <ClInclude Include="StdAfx.h">
      <Filter>헤더 파일</Filter>
    </ClInclude>
  </ItemGroup>
  <ItemGroup>
    <ResourceCompile Include="APlateDBDraw.rc">
      <Filter>리소스 파일</Filter>
    </ResourceCompile>
  </ItemGroup>
  <ItemGroup>
    <CustomBuild Include="APlateDBDraw.def">
      <Filter>리소스 파일</Filter>
    </CustomBuild>
    <CustomBuild Include="res\APlateDBDraw.rc2">
      <Filter>리소스 파일</Filter>
    </CustomBuild>
    <CustomBuild Include="ReadMe.txt">
      <Filter>리소스 파일</Filter>
    </CustomBuild>
  </ItemGroup>
  <ItemGroup>
    <Filter Include="헤더 파일">
      <UniqueIdentifier>{6c4e03ea-ad08-4136-8110-c4c24be237d3}</UniqueIdentifier>
    </Filter>
    <Filter Include="소스 파일">
      <UniqueIdentifier>{2f3215a1-93ba-40d5-a1cf-7bb7140d2497}</UniqueIdentifier>
    </Filter>
    <Filter Include="리소스 파일">
      <UniqueIdentifier>{ba325c1e-88d3-481e-8eb1-7a3e070f0bfe}</UniqueIdentifier>
    </Filter>
  </ItemGroup>
</Project>