<?xml version="1.0" encoding="utf-8"?>
<Project ToolsVersion="4.0" xmlns="http://schemas.microsoft.com/developer/msbuild/2003">
  <ItemGroup>
    <ClCompile Include="APlatelOutputDlg.cpp">
      <Filter>소스 파일</Filter>
    </ClCompile>
    <ClCompile Include="APlateOutCalc.cpp">
      <Filter>소스 파일</Filter>
    </ClCompile>
    <ClCompile Include="APlateOutCalcStd.cpp">
      <Filter>소스 파일</Filter>
    </ClCompile>
    <ClCompile Include="APlateOutCalcXL.cpp">
      <Filter>소스 파일</Filter>
    </ClCompile>
    <ClCompile Include="APlateOutExcel.cpp">
      <Filter>소스 파일</Filter>
    </ClCompile>
    <ClCompile Include="APlateOutExcelCheck.cpp">
      <Filter>소스 파일</Filter>
    </ClCompile>
    <ClCompile Include="StdAfx.cpp">
      <Filter>소스 파일</Filter>
    </ClCompile>
    <ClCompile Include="XLCheckListCrossBeam.cpp">
      <Filter>소스 파일</Filter>
    </ClCompile>
    <ClCompile Include="XLCheckListFloor.cpp">
      <Filter>소스 파일</Filter>
    </ClCompile>
    <ClCompile Include="XLCheckListSection.cpp">
      <Filter>소스 파일</Filter>
    </ClCompile>
    <ClCompile Include="XLCheckListStiff.cpp">
      <Filter>소스 파일</Filter>
    </ClCompile>
    <ClCompile Include="XLCheckListStud.cpp">
      <Filter>소스 파일</Filter>
    </ClCompile>
    <ClCompile Include="XLCheckListUsing.cpp">
      <Filter>소스 파일</Filter>
    </ClCompile>
    <ClCompile Include="XLDesignBracing.cpp">
      <Filter>소스 파일</Filter>
    </ClCompile>
    <ClCompile Include="XLDesignCondition.cpp">
      <Filter>소스 파일</Filter>
    </ClCompile>
    <ClCompile Include="XLDesignCrossBeam.cpp">
      <Filter>소스 파일</Filter>
    </ClCompile>
    <ClCompile Include="XLDesignFloor.cpp">
      <Filter>소스 파일</Filter>
    </ClCompile>
    <ClCompile Include="XLDesignOfMold.cpp">
      <Filter>소스 파일</Filter>
    </ClCompile>
    <ClCompile Include="XLDesignStiff.cpp">
      <Filter>소스 파일</Filter>
    </ClCompile>
    <ClCompile Include="XLDesignStringer.cpp">
      <Filter>소스 파일</Filter>
    </ClCompile>
    <ClCompile Include="XLDesignStud.cpp">
      <Filter>소스 파일</Filter>
    </ClCompile>
    <ClCompile Include="XLEtcCheck.cpp">
      <Filter>소스 파일</Filter>
    </ClCompile>
    <ClCompile Include="XLSectionCheck.cpp">
      <Filter>소스 파일</Filter>
    </ClCompile>
    <ClCompile Include="XLSpliceCheck.cpp">
      <Filter>소스 파일</Filter>
    </ClCompile>
    <ClCompile Include="XLUsingCheck.cpp">
      <Filter>소스 파일</Filter>
    </ClCompile>
    <ClCompile Include="XLWeldingCheck.cpp">
      <Filter>소스 파일</Filter>
    </ClCompile>
  </ItemGroup>
  <ItemGroup>
    <ClInclude Include="APlateOutCalc.h">
      <Filter>헤더 파일</Filter>
    </ClInclude>
    <ClInclude Include="APlateOutCalcStd.h">
      <Filter>헤더 파일</Filter>
    </ClInclude>
    <ClInclude Include="APlateOutCalcXL.h">
      <Filter>헤더 파일</Filter>
    </ClInclude>
    <ClInclude Include="APlateOutExcel.h">
      <Filter>헤더 파일</Filter>
    </ClInclude>
    <ClInclude Include="APlateOutExcelCheck.h">
      <Filter>헤더 파일</Filter>
    </ClInclude>
    <ClInclude Include="APlateOutputDlg.h">
      <Filter>헤더 파일</Filter>
    </ClInclude>
    <ClInclude Include="Resource.h">
      <Filter>헤더 파일</Filter>
    </ClInclude>
    <ClInclude Include="StdAfx.h">
      <Filter>헤더 파일</Filter>
    </ClInclude>
    <ClInclude Include="XLCheckListCrossBeam.h">
      <Filter>헤더 파일</Filter>
    </ClInclude>
    <ClInclude Include="XLCheckListFloor.h">
      <Filter>헤더 파일</Filter>
    </ClInclude>
    <ClInclude Include="XLCheckListSection.h">
      <Filter>헤더 파일</Filter>
    </ClInclude>
    <ClInclude Include="XLCheckListStiff.h">
      <Filter>헤더 파일</Filter>
    </ClInclude>
    <ClInclude Include="XLCheckListStud.h">
      <Filter>헤더 파일</Filter>
    </ClInclude>
    <ClInclude Include="XLCheckListUsing.h">
      <Filter>헤더 파일</Filter>
    </ClInclude>
    <ClInclude Include="XLDesignBracing.h">
      <Filter>헤더 파일</Filter>
    </ClInclude>
    <ClInclude Include="XLDesignCondition.h">
      <Filter>헤더 파일</Filter>
    </ClInclude>
    <ClInclude Include="XLDesignCrossBeam.h">
      <Filter>헤더 파일</Filter>
    </ClInclude>
    <ClInclude Include="XLDesignFloor.h">
      <Filter>헤더 파일</Filter>
    </ClInclude>
    <ClInclude Include="XLDesignOfMold.h">
      <Filter>헤더 파일</Filter>
    </ClInclude>
    <ClInclude Include="XLDesignStiff.h">
      <Filter>헤더 파일</Filter>
    </ClInclude>
    <ClInclude Include="XLDesignStringer.h">
      <Filter>헤더 파일</Filter>
    </ClInclude>
    <ClInclude Include="XLDesignStud.h">
      <Filter>헤더 파일</Filter>
    </ClInclude>
    <ClInclude Include="XLEtcCheck.h">
      <Filter>헤더 파일</Filter>
    </ClInclude>
    <ClInclude Include="XLSectionCheck.h">
      <Filter>헤더 파일</Filter>
    </ClInclude>
    <ClInclude Include="XLSpliceCheck.h">
      <Filter>헤더 파일</Filter>
    </ClInclude>
    <ClInclude Include="XLUsingCheck.h">
      <Filter>헤더 파일</Filter>
    </ClInclude>
    <ClInclude Include="XLWeldingCheck.h">
      <Filter>헤더 파일</Filter>
    </ClInclude>
  </ItemGroup>
  <ItemGroup>
    <CustomBuild Include="APlateOutCalc.def">
      <Filter>리소스 파일</Filter>
    </CustomBuild>
    <CustomBuild Include="res\APlateOutCalc.rc2">
      <Filter>리소스 파일</Filter>
    </CustomBuild>
    <CustomBuild Include="ReadMe.txt">
      <Filter>리소스 파일</Filter>
    </CustomBuild>
  </ItemGroup>
  <ItemGroup>
    <Filter Include="헤더 파일">
      <UniqueIdentifier>{5a4450ef-cb52-4306-89f7-5b7b47f23076}</UniqueIdentifier>
    </Filter>
    <Filter Include="소스 파일">
      <UniqueIdentifier>{38fc967d-0ab1-4ceb-bfdb-e36f7f1d350b}</UniqueIdentifier>
    </Filter>
    <Filter Include="리소스 파일">
      <UniqueIdentifier>{5b94bebf-5794-42b9-81cd-69905235b3eb}</UniqueIdentifier>
    </Filter>
  </ItemGroup>
  <ItemGroup>
    <Midl Include="APlateOutCalc.odl">
      <Filter>리소스 파일</Filter>
    </Midl>
  </ItemGroup>
  <ItemGroup>
    <ResourceCompile Include="APlateOutCalc.rc">
      <Filter>리소스 파일</Filter>
    </ResourceCompile>
  </ItemGroup>
</Project>