<?xml version="1.0" encoding="utf-8"?>
<Project ToolsVersion="4.0" xmlns="http://schemas.microsoft.com/developer/msbuild/2003">
  <ItemGroup>
    <ClCompile Include="APlateCalc.cpp">
      <Filter>소스 파일</Filter>
    </ClCompile>
    <ClCompile Include="APlateCalcStd.cpp">
      <Filter>소스 파일</Filter>
    </ClCompile>
    <ClCompile Include="CalcFloor.cpp">
      <Filter>소스 파일</Filter>
    </ClCompile>
    <ClCompile Include="CalcGeneral.cpp">
      <Filter>소스 파일</Filter>
    </ClCompile>
    <ClCompile Include="DanMyunProp.cpp">
      <Filter>소스 파일</Filter>
    </ClCompile>
    <ClCompile Include="DesignCrossBeam.cpp">
      <Filter>소스 파일</Filter>
    </ClCompile>
    <ClCompile Include="DesignStiff.cpp">
      <Filter>소스 파일</Filter>
    </ClCompile>
    <ClCompile Include="ElementResult.cpp">
      <Filter>소스 파일</Filter>
    </ClCompile>
    <ClCompile Include="FemCantileverCalc.cpp">
      <Filter>소스 파일</Filter>
    </ClCompile>
    <ClCompile Include="FemHLLCalc.cpp">
      <Filter>소스 파일</Filter>
    </ClCompile>
    <ClCompile Include="FemModelingCalc.cpp">
      <Filter>소스 파일</Filter>
    </ClCompile>
    <ClCompile Include="FemStressCalc.cpp">
      <Filter>소스 파일</Filter>
    </ClCompile>
    <ClCompile Include="JointResult.cpp">
      <Filter>소스 파일</Filter>
    </ClCompile>
    <ClCompile Include="PlateDesigCalc.cpp">
      <Filter>소스 파일</Filter>
    </ClCompile>
    <ClCompile Include="SAP2000Disp.cpp">
      <Filter>소스 파일</Filter>
    </ClCompile>
    <ClCompile Include="StdAfx.cpp">
      <Filter>소스 파일</Filter>
    </ClCompile>
  </ItemGroup>
  <ItemGroup>
    <ClInclude Include="APlateCalc.h">
      <Filter>헤더 파일</Filter>
    </ClInclude>
    <ClInclude Include="APlateCalcStd.h">
      <Filter>헤더 파일</Filter>
    </ClInclude>
    <ClInclude Include="CalcFloor.h">
      <Filter>헤더 파일</Filter>
    </ClInclude>
    <ClInclude Include="CalcGeneral.h">
      <Filter>헤더 파일</Filter>
    </ClInclude>
    <ClInclude Include="DanMyunProp.h">
      <Filter>헤더 파일</Filter>
    </ClInclude>
    <ClInclude Include="Define.h">
      <Filter>헤더 파일</Filter>
    </ClInclude>
    <ClInclude Include="DesignCrossBeam.h">
      <Filter>헤더 파일</Filter>
    </ClInclude>
    <ClInclude Include="DesignStiff.h">
      <Filter>헤더 파일</Filter>
    </ClInclude>
    <ClInclude Include="ElementResult.h">
      <Filter>헤더 파일</Filter>
    </ClInclude>
    <ClInclude Include="FemCantileverCalc.h">
      <Filter>헤더 파일</Filter>
    </ClInclude>
    <ClInclude Include="FemHLLCalc.h">
      <Filter>헤더 파일</Filter>
    </ClInclude>
    <ClInclude Include="FemModelingCalc.h">
      <Filter>헤더 파일</Filter>
    </ClInclude>
    <ClInclude Include="FemStressCalc.h">
      <Filter>헤더 파일</Filter>
    </ClInclude>
    <ClInclude Include="JointResult.h">
      <Filter>헤더 파일</Filter>
    </ClInclude>
    <ClInclude Include="PlateDesigCalc.h">
      <Filter>헤더 파일</Filter>
    </ClInclude>
    <ClInclude Include="Resource.h">
      <Filter>헤더 파일</Filter>
    </ClInclude>
    <ClInclude Include="SAP2000Disp.h">
      <Filter>헤더 파일</Filter>
    </ClInclude>
    <ClInclude Include="StdAfx.h">
      <Filter>헤더 파일</Filter>
    </ClInclude>
  </ItemGroup>
  <ItemGroup>
    <ResourceCompile Include="APlateCalc.rc">
      <Filter>리소스 파일</Filter>
    </ResourceCompile>
  </ItemGroup>
  <ItemGroup>
    <CustomBuild Include="APlateCalc.def">
      <Filter>리소스 파일</Filter>
    </CustomBuild>
    <CustomBuild Include="res\APlateCalc.rc2">
      <Filter>리소스 파일</Filter>
    </CustomBuild>
  </ItemGroup>
  <ItemGroup>
    <Filter Include="헤더 파일">
      <UniqueIdentifier>{2df11098-6fc4-4cd9-8227-cf9d7e2f6212}</UniqueIdentifier>
    </Filter>
    <Filter Include="소스 파일">
      <UniqueIdentifier>{d1092e43-e347-4eb5-a3c1-2195d034b6ff}</UniqueIdentifier>
    </Filter>
    <Filter Include="리소스 파일">
      <UniqueIdentifier>{5233c923-7e0a-449a-aafa-0dd9715e1639}</UniqueIdentifier>
    </Filter>
  </ItemGroup>
</Project>