<?xml version="1.0" encoding="utf-8"?>
<Project ToolsVersion="4.0" xmlns="http://schemas.microsoft.com/developer/msbuild/2003">
  <ItemGroup>
    <ClCompile Include="BaseInfoDlg.cpp">
      <Filter>소스 파일</Filter>
    </ClCompile>
    <ClCompile Include="BindConcJewonDlg.cpp">
      <Filter>소스 파일</Filter>
    </ClCompile>
    <ClCompile Include="BMOutSangPage.cpp">
      <Filter>소스 파일</Filter>
    </ClCompile>
    <ClCompile Include="BMOutSheet.cpp">
      <Filter>소스 파일</Filter>
    </ClCompile>
    <ClCompile Include="ByunDanmyunJewonDlg.cpp">
      <Filter>소스 파일</Filter>
    </ClCompile>
    <ClCompile Include="CalcCantileverDeadLoad.cpp">
      <Filter>소스 파일</Filter>
    </ClCompile>
    <ClCompile Include="CalcCantileverDroop.cpp">
      <Filter>소스 파일</Filter>
    </ClCompile>
    <ClCompile Include="CalcCantileverLoadCombo.cpp">
      <Filter>소스 파일</Filter>
    </ClCompile>
    <ClCompile Include="CalcCantileverLoadDlg.cpp">
      <Filter>소스 파일</Filter>
    </ClCompile>
    <ClCompile Include="CalcCantileverModeling.cpp">
      <Filter>소스 파일</Filter>
    </ClCompile>
    <ClCompile Include="CalcCantileverModelResult.cpp">
      <Filter>소스 파일</Filter>
    </ClCompile>
    <ClCompile Include="CalcCantileverRebarDlg.cpp">
      <Filter>소스 파일</Filter>
    </ClCompile>
    <ClCompile Include="CalcCantileverSetup.cpp">
      <Filter>소스 파일</Filter>
    </ClCompile>
    <ClCompile Include="CalcDisplacement.cpp">
      <Filter>소스 파일</Filter>
    </ClCompile>
    <ClCompile Include="CalcFatigue.cpp">
      <Filter>소스 파일</Filter>
    </ClCompile>
    <ClCompile Include="CalcFloorSlabStress.cpp">
      <Filter>소스 파일</Filter>
    </ClCompile>
    <ClCompile Include="CalcFrameComboLoadDlg.cpp">
      <Filter>소스 파일</Filter>
    </ClCompile>
    <ClCompile Include="CalcInfluenceK.cpp">
      <Filter>소스 파일</Filter>
    </ClCompile>
    <ClCompile Include="CalcLossOfPrestress.cpp">
      <Filter>소스 파일</Filter>
    </ClCompile>
    <ClCompile Include="CalcModelingFramePropty.cpp">
      <Filter>소스 파일</Filter>
    </ClCompile>
    <ClCompile Include="CalcModelingResult.cpp">
      <Filter>소스 파일</Filter>
    </ClCompile>
    <ClCompile Include="CalcModelingSetup.cpp">
      <Filter>소스 파일</Filter>
    </ClCompile>
    <ClCompile Include="CalcSecForceDivCalc.cpp">
      <Filter>소스 파일</Filter>
    </ClCompile>
    <ClCompile Include="CalcSecForceDivResult.cpp">
      <Filter>소스 파일</Filter>
    </ClCompile>
    <ClCompile Include="CalcSecOutline.cpp">
      <Filter>소스 파일</Filter>
    </ClCompile>
    <ClCompile Include="CalcSecStress.cpp">
      <Filter>소스 파일</Filter>
    </ClCompile>
    <ClCompile Include="CalcSecStressPos.cpp">
      <Filter>소스 파일</Filter>
    </ClCompile>
    <ClCompile Include="CalcSectionConceptDlg.cpp">
      <Filter>소스 파일</Filter>
    </ClCompile>
    <ClCompile Include="CalcUltimateLoadDlg.cpp">
      <Filter>소스 파일</Filter>
    </ClCompile>
    <ClCompile Include="CalcWarping.cpp">
      <Filter>소스 파일</Filter>
    </ClCompile>
    <ClCompile Include="CalcWeld.cpp">
      <Filter>소스 파일</Filter>
    </ClCompile>
    <ClCompile Include="CalcWindForce.cpp">
      <Filter>소스 파일</Filter>
    </ClCompile>
    <ClCompile Include="CrossBeamSubInputDlg.cpp">
      <Filter>소스 파일</Filter>
    </ClCompile>
    <ClCompile Include="DanmyunTypeDlg.cpp">
      <Filter>소스 파일</Filter>
    </ClCompile>
    <ClCompile Include="DeckBasicDataDlg.cpp">
      <Filter>소스 파일</Filter>
    </ClCompile>
    <ClCompile Include="DeckBindConcRebarDlg.cpp">
      <Filter>소스 파일</Filter>
    </ClCompile>
    <ClCompile Include="DeckBMOptionDlg.cpp">
      <Filter>소스 파일</Filter>
    </ClCompile>
    <ClCompile Include="DeckCrossStringerDlg.cpp">
      <Filter>소스 파일</Filter>
    </ClCompile>
    <ClCompile Include="DeckDetailCyclesuDlg.cpp">
      <Filter>소스 파일</Filter>
    </ClCompile>
    <ClCompile Include="DeckDetailDivideRebar.cpp">
      <Filter>소스 파일</Filter>
    </ClCompile>
    <ClCompile Include="DeckDetailMainLowerCenterDlg.cpp">
      <Filter>소스 파일</Filter>
    </ClCompile>
    <ClCompile Include="DeckDetailMainLowerDlg.cpp">
      <Filter>소스 파일</Filter>
    </ClCompile>
    <ClCompile Include="DeckDetailMainUpperDlg.cpp">
      <Filter>소스 파일</Filter>
    </ClCompile>
    <ClCompile Include="DeckDetailSettlementDlg.cpp">
      <Filter>소스 파일</Filter>
    </ClCompile>
    <ClCompile Include="DeckDistriRebarCTCDlg.cpp">
      <Filter>소스 파일</Filter>
    </ClCompile>
    <ClCompile Include="DeckDistriRebarDlg.cpp">
      <Filter>소스 파일</Filter>
    </ClCompile>
    <ClCompile Include="DeckEtcRebarDlg.cpp">
      <Filter>소스 파일</Filter>
    </ClCompile>
    <ClCompile Include="DeckGuardFenceDlg.cpp">
      <Filter>소스 파일</Filter>
    </ClCompile>
    <ClCompile Include="DeckMainRebarCTCDlg.cpp">
      <Filter>소스 파일</Filter>
    </ClCompile>
    <ClCompile Include="DeckMainRebarDlg.cpp">
      <Filter>소스 파일</Filter>
    </ClCompile>
    <ClCompile Include="DeckMainSkewRebarCTCDlg.cpp">
      <Filter>소스 파일</Filter>
    </ClCompile>
    <ClCompile Include="DeckPlanRebarDlg.cpp">
      <Filter>소스 파일</Filter>
    </ClCompile>
    <ClCompile Include="DeckRebarInfoDlg.cpp">
      <Filter>소스 파일</Filter>
    </ClCompile>
    <ClCompile Include="DeckRebarJewonDlg.cpp">
      <Filter>소스 파일</Filter>
    </ClCompile>
    <ClCompile Include="DeckSabogangCTCDlg.cpp">
      <Filter>소스 파일</Filter>
    </ClCompile>
    <ClCompile Include="DesignBaseDlg.cpp">
      <Filter>소스 파일</Filter>
    </ClCompile>
    <ClCompile Include="DesignBMPage.cpp">
      <Filter>소스 파일</Filter>
    </ClCompile>
    <ClCompile Include="DesignBoltPage.cpp">
      <Filter>소스 파일</Filter>
    </ClCompile>
    <ClCompile Include="DesignConcretePage.cpp">
      <Filter>소스 파일</Filter>
    </ClCompile>
    <ClCompile Include="DesignCSteelPage.cpp">
      <Filter>소스 파일</Filter>
    </ClCompile>
    <ClCompile Include="DesignCTSteelPage.cpp">
      <Filter>소스 파일</Filter>
    </ClCompile>
    <ClCompile Include="DesignDeductPage.cpp">
      <Filter>소스 파일</Filter>
    </ClCompile>
    <ClCompile Include="DesignFrictionCoeffPage.cpp">
      <Filter>소스 파일</Filter>
    </ClCompile>
    <ClCompile Include="DesignGradePage.cpp">
      <Filter>소스 파일</Filter>
    </ClCompile>
    <ClCompile Include="DesignHSteelPage.cpp">
      <Filter>소스 파일</Filter>
    </ClCompile>
    <ClCompile Include="DesignISteelPage.cpp">
      <Filter>소스 파일</Filter>
    </ClCompile>
    <ClCompile Include="DesignLSteelPage.cpp">
      <Filter>소스 파일</Filter>
    </ClCompile>
    <ClCompile Include="DesignLVarSteelPage.cpp">
      <Filter>소스 파일</Filter>
    </ClCompile>
    <ClCompile Include="DesignMaterialPropertyPage.cpp">
      <Filter>소스 파일</Filter>
    </ClCompile>
    <ClCompile Include="DesignPage.cpp">
      <Filter>소스 파일</Filter>
    </ClCompile>
    <ClCompile Include="DesignPageDlg.cpp">
      <Filter>소스 파일</Filter>
    </ClCompile>
    <ClCompile Include="DesignPrestressPage.cpp">
      <Filter>소스 파일</Filter>
    </ClCompile>
    <ClCompile Include="DesignPrestressPropertyPage.cpp">
      <Filter>소스 파일</Filter>
    </ClCompile>
    <ClCompile Include="DesignScallopPage.cpp">
      <Filter>소스 파일</Filter>
    </ClCompile>
    <ClCompile Include="DesignSpecialMovingLoad.cpp">
      <Filter>소스 파일</Filter>
    </ClCompile>
    <ClCompile Include="DesignSteelDimPage.cpp">
      <Filter>소스 파일</Filter>
    </ClCompile>
    <ClCompile Include="DesignSteelMaterialPage.cpp">
      <Filter>소스 파일</Filter>
    </ClCompile>
    <ClCompile Include="DesignStudPage.cpp">
      <Filter>소스 파일</Filter>
    </ClCompile>
    <ClCompile Include="DesignUWeightPage.cpp">
      <Filter>소스 파일</Filter>
    </ClCompile>
    <ClCompile Include="DesignWeldPage.cpp">
      <Filter>소스 파일</Filter>
    </ClCompile>
    <ClCompile Include="DetBracketDlg.cpp">
      <Filter>소스 파일</Filter>
    </ClCompile>
    <ClCompile Include="DetBracketStiffDlg.cpp">
      <Filter>소스 파일</Filter>
    </ClCompile>
    <ClCompile Include="DetCamberJewonDlg.cpp">
      <Filter>소스 파일</Filter>
    </ClCompile>
    <ClCompile Include="DetCrossBeamTypeDlg.cpp">
      <Filter>소스 파일</Filter>
    </ClCompile>
    <ClCompile Include="DetDanTaperDlg.cpp">
      <Filter>소스 파일</Filter>
    </ClCompile>
    <ClCompile Include="DetEtcInputDlg.cpp">
      <Filter>소스 파일</Filter>
    </ClCompile>
    <ClCompile Include="DetFieldJoinDlg.cpp">
      <Filter>소스 파일</Filter>
    </ClCompile>
    <ClCompile Include="DetHBracing.cpp">
      <Filter>소스 파일</Filter>
    </ClCompile>
    <ClCompile Include="DetHBracingScallop.cpp">
      <Filter>소스 파일</Filter>
    </ClCompile>
    <ClCompile Include="DetHStiffDlg.cpp">
      <Filter>소스 파일</Filter>
    </ClCompile>
    <ClCompile Include="DetLiftLugDlg.cpp">
      <Filter>소스 파일</Filter>
    </ClCompile>
    <ClCompile Include="DetPlateWShiftDlg.cpp">
      <Filter>소스 파일</Filter>
    </ClCompile>
    <ClCompile Include="DetSHConnectorVPosDlg.cpp">
      <Filter>소스 파일</Filter>
    </ClCompile>
    <ClCompile Include="DetSlabAnchor.cpp">
      <Filter>소스 파일</Filter>
    </ClCompile>
    <ClCompile Include="DetSolePlateDlg.cpp">
      <Filter>소스 파일</Filter>
    </ClCompile>
    <ClCompile Include="DetStagingRingDlg.cpp">
      <Filter>소스 파일</Filter>
    </ClCompile>
    <ClCompile Include="DetVBracingTypeDlg.cpp">
      <Filter>소스 파일</Filter>
    </ClCompile>
    <ClCompile Include="DetVStiffJewonDlg.cpp">
      <Filter>소스 파일</Filter>
    </ClCompile>
    <ClCompile Include="DetWebHStiffPosDlg.cpp">
      <Filter>소스 파일</Filter>
    </ClCompile>
    <ClCompile Include="DialogInstallBeryukAtBlockout.cpp">
      <Filter>소스 파일</Filter>
    </ClCompile>
    <ClCompile Include="DialogInstallMainAtBlockout.cpp">
      <Filter>소스 파일</Filter>
    </ClCompile>
    <ClCompile Include="EarthQuackDlg.cpp">
      <Filter>소스 파일</Filter>
    </ClCompile>
    <ClCompile Include="EarthQuackFactDlg.cpp">
      <Filter>소스 파일</Filter>
    </ClCompile>
    <ClCompile Include="EarthQUackGradeDlg.cpp">
      <Filter>소스 파일</Filter>
    </ClCompile>
    <ClCompile Include="ExpansionJointTypeDlg.cpp">
      <Filter>소스 파일</Filter>
    </ClCompile>
    <ClCompile Include="FactJoinPositionDlg.cpp">
      <Filter>소스 파일</Filter>
    </ClCompile>
    <ClCompile Include="FieldJoinPositionDlg.cpp">
      <Filter>소스 파일</Filter>
    </ClCompile>
    <ClCompile Include="FileProgressDlg.cpp">
      <Filter>소스 파일</Filter>
    </ClCompile>
    <ClCompile Include="GeneralBaseDlg.cpp">
      <Filter>소스 파일</Filter>
    </ClCompile>
    <ClCompile Include="GeneralBaseStd.cpp">
      <Filter>소스 파일</Filter>
    </ClCompile>
    <ClCompile Include="GeneralInput.cpp">
      <Filter>소스 파일</Filter>
    </ClCompile>
    <ClCompile Include="GirHeightUserDlg.cpp">
      <Filter>소스 파일</Filter>
    </ClCompile>
    <ClCompile Include="GuardFenceTypeDlg.cpp">
      <Filter>소스 파일</Filter>
    </ClCompile>
    <ClCompile Include="HBracingPositionDlg.cpp">
      <Filter>소스 파일</Filter>
    </ClCompile>
    <ClCompile Include="HBrSpStdInputDlg.cpp">
      <Filter>소스 파일</Filter>
    </ClCompile>
    <ClCompile Include="HDanDlg.cpp">
      <Filter>소스 파일</Filter>
    </ClCompile>
    <ClCompile Include="JackupPositionDlg.cpp">
      <Filter>소스 파일</Filter>
    </ClCompile>
    <ClCompile Include="JackupSolePlateDlg.cpp">
      <Filter>소스 파일</Filter>
    </ClCompile>
    <ClCompile Include="JiganGusengDlg.cpp">
      <Filter>소스 파일</Filter>
    </ClCompile>
    <ClCompile Include="JijumAngleDlg.cpp">
      <Filter>소스 파일</Filter>
    </ClCompile>
    <ClCompile Include="JijumStiffDlg.cpp">
      <Filter>소스 파일</Filter>
    </ClCompile>
    <ClCompile Include="JointRestraintDlg.cpp">
      <Filter>소스 파일</Filter>
    </ClCompile>
    <ClCompile Include="JRibPosition.cpp">
      <Filter>소스 파일</Filter>
    </ClCompile>
    <ClCompile Include="labelcontrol.cpp">
      <Filter>소스 파일</Filter>
    </ClCompile>
    <ClCompile Include="PaintOutAssembly.cpp">
      <Filter>소스 파일</Filter>
    </ClCompile>
    <ClCompile Include="PaintOutSheet.cpp">
      <Filter>소스 파일</Filter>
    </ClCompile>
    <ClCompile Include="picture.cpp">
      <Filter>소스 파일</Filter>
    </ClCompile>
    <ClCompile Include="PlateStressOut.cpp">
      <Filter>소스 파일</Filter>
    </ClCompile>
    <ClCompile Include="RebarAddRateDlg.cpp">
      <Filter>소스 파일</Filter>
    </ClCompile>
    <ClCompile Include="ReDir.cpp">
      <Filter>소스 파일</Filter>
    </ClCompile>
    <ClCompile Include="Redirect.cpp">
      <Filter>소스 파일</Filter>
    </ClCompile>
    <ClCompile Include="ResultDlg.cpp">
      <Filter>소스 파일</Filter>
    </ClCompile>
    <ClCompile Include="RistModule.cpp">
      <Filter>소스 파일</Filter>
    </ClCompile>
    <ClCompile Include="SelectLineDlg.cpp">
      <Filter>소스 파일</Filter>
    </ClCompile>
    <ClCompile Include="SelGirderHeightRangeDlg.cpp">
      <Filter>소스 파일</Filter>
    </ClCompile>
    <ClCompile Include="ShCheckButton.cpp">
      <Filter>소스 파일</Filter>
    </ClCompile>
    <ClCompile Include="ShearBarTypeDlg.cpp">
      <Filter>소스 파일</Filter>
    </ClCompile>
    <ClCompile Include="ShellFileOp.cpp">
      <Filter>소스 파일</Filter>
    </ClCompile>
    <ClCompile Include="ShoeSelectDlg.cpp">
      <Filter>소스 파일</Filter>
    </ClCompile>
    <ClCompile Include="ShoeZapyoDlg.cpp">
      <Filter>소스 파일</Filter>
    </ClCompile>
    <ClCompile Include="SlabJewonDlg.cpp">
      <Filter>소스 파일</Filter>
    </ClCompile>
    <ClCompile Include="SlabStructureDlg.cpp">
      <Filter>소스 파일</Filter>
    </ClCompile>
    <ClCompile Include="SpliceBoltPositionDlg.cpp">
      <Filter>소스 파일</Filter>
    </ClCompile>
    <ClCompile Include="SpliceDesignResult.cpp">
      <Filter>소스 파일</Filter>
    </ClCompile>
    <ClCompile Include="StackDialog.cpp">
      <Filter>소스 파일</Filter>
    </ClCompile>
    <ClCompile Include="StartPointJewonDlg.cpp">
      <Filter>소스 파일</Filter>
    </ClCompile>
    <ClCompile Include="StdAfx.cpp">
      <Filter>소스 파일</Filter>
    </ClCompile>
    <ClCompile Include="SubCrossHeightRistDlg.cpp">
      <Filter>소스 파일</Filter>
    </ClCompile>
    <ClCompile Include="SubInputTensionBarDlg.cpp">
      <Filter>소스 파일</Filter>
    </ClCompile>
    <ClCompile Include="SubRistRefImgDlg.cpp">
      <Filter>소스 파일</Filter>
    </ClCompile>
    <ClCompile Include="SubSlabHunchInputDlg.cpp">
      <Filter>소스 파일</Filter>
    </ClCompile>
    <ClCompile Include="TotalViewDlg.cpp">
      <Filter>소스 파일</Filter>
    </ClCompile>
    <ClCompile Include="UserDesignCheckDlg.cpp">
      <Filter>소스 파일</Filter>
    </ClCompile>
    <ClCompile Include="VBracingPositionDlg.cpp">
      <Filter>소스 파일</Filter>
    </ClCompile>
    <ClCompile Include="VStiffPositionDlg.cpp">
      <Filter>소스 파일</Filter>
    </ClCompile>
    <ClCompile Include="VStiffStdInputDlg.cpp">
      <Filter>소스 파일</Filter>
    </ClCompile>
    <ClCompile Include="WeldOutAssembly.cpp">
      <Filter>소스 파일</Filter>
    </ClCompile>
    <ClCompile Include="WeldOutSheet.cpp">
      <Filter>소스 파일</Filter>
    </ClCompile>
    <ClCompile Include="AbutPierDlg.cpp">
      <Filter>소스 파일</Filter>
    </ClCompile>
  </ItemGroup>
  <ItemGroup>
    <ClInclude Include="BMOutSangPage.h">
      <Filter>헤더 파일</Filter>
    </ClInclude>
    <ClInclude Include="BMOutSheet.h">
      <Filter>헤더 파일</Filter>
    </ClInclude>
    <ClInclude Include="ByunDanmyunJewonDlg.h">
      <Filter>헤더 파일</Filter>
    </ClInclude>
    <ClInclude Include="CalcCantileverDeadLoad.h">
      <Filter>헤더 파일</Filter>
    </ClInclude>
    <ClInclude Include="CalcCantileverDroop.h">
      <Filter>헤더 파일</Filter>
    </ClInclude>
    <ClInclude Include="CalcCantileverLoadCombo.h">
      <Filter>헤더 파일</Filter>
    </ClInclude>
    <ClInclude Include="CalcCantileverLoadDlg.h">
      <Filter>헤더 파일</Filter>
    </ClInclude>
    <ClInclude Include="CalcCantileverModeling.h">
      <Filter>헤더 파일</Filter>
    </ClInclude>
    <ClInclude Include="CalcCantileverModelResult.h">
      <Filter>헤더 파일</Filter>
    </ClInclude>
    <ClInclude Include="CalcCantileverRebarDlg.h">
      <Filter>헤더 파일</Filter>
    </ClInclude>
    <ClInclude Include="CalcCantileverSetup.h">
      <Filter>헤더 파일</Filter>
    </ClInclude>
    <ClInclude Include="CalcDisplacement.h">
      <Filter>헤더 파일</Filter>
    </ClInclude>
    <ClInclude Include="CalcFatigue.h">
      <Filter>헤더 파일</Filter>
    </ClInclude>
    <ClInclude Include="CalcFloorSlabStress.h">
      <Filter>헤더 파일</Filter>
    </ClInclude>
    <ClInclude Include="CalcFrameComboLoadDlg.h">
      <Filter>헤더 파일</Filter>
    </ClInclude>
    <ClInclude Include="CalcInfluenceK.h">
      <Filter>헤더 파일</Filter>
    </ClInclude>
    <ClInclude Include="CalcLossOfPrestress.h">
      <Filter>헤더 파일</Filter>
    </ClInclude>
    <ClInclude Include="CalcModelingFramePropty.h">
      <Filter>헤더 파일</Filter>
    </ClInclude>
    <ClInclude Include="CalcModelingResult.h">
      <Filter>헤더 파일</Filter>
    </ClInclude>
    <ClInclude Include="CalcModelingSetup.h">
      <Filter>헤더 파일</Filter>
    </ClInclude>
    <ClInclude Include="CalcSecForceDivCalc.h">
      <Filter>헤더 파일</Filter>
    </ClInclude>
    <ClInclude Include="CalcSecForceDivResult.h">
      <Filter>헤더 파일</Filter>
    </ClInclude>
    <ClInclude Include="CalcSecOutline.h">
      <Filter>헤더 파일</Filter>
    </ClInclude>
    <ClInclude Include="CalcSecStress.h">
      <Filter>헤더 파일</Filter>
    </ClInclude>
    <ClInclude Include="CalcSecStressPos.h">
      <Filter>헤더 파일</Filter>
    </ClInclude>
    <ClInclude Include="CalcSectionConceptDlg.h">
      <Filter>헤더 파일</Filter>
    </ClInclude>
    <ClInclude Include="CalcUltimateLoadDlg.h">
      <Filter>헤더 파일</Filter>
    </ClInclude>
    <ClInclude Include="CalcWarping.h">
      <Filter>헤더 파일</Filter>
    </ClInclude>
    <ClInclude Include="CalcWeld.h">
      <Filter>헤더 파일</Filter>
    </ClInclude>
    <ClInclude Include="CalcWindForce.h">
      <Filter>헤더 파일</Filter>
    </ClInclude>
    <ClInclude Include="CrossBeamSubInputDlg.h">
      <Filter>헤더 파일</Filter>
    </ClInclude>
    <ClInclude Include="DanmyunTypeDlg.h">
      <Filter>헤더 파일</Filter>
    </ClInclude>
    <ClInclude Include="DeckBasicDataDlg.h">
      <Filter>헤더 파일</Filter>
    </ClInclude>
    <ClInclude Include="DeckBindConcRebarDlg.h">
      <Filter>헤더 파일</Filter>
    </ClInclude>
    <ClInclude Include="DeckBMOptionDlg.h">
      <Filter>헤더 파일</Filter>
    </ClInclude>
    <ClInclude Include="DeckCrossStringerDlg.h">
      <Filter>헤더 파일</Filter>
    </ClInclude>
    <ClInclude Include="DeckDetailCyclesuDlg.h">
      <Filter>헤더 파일</Filter>
    </ClInclude>
    <ClInclude Include="DeckDetailDivideRebar.h">
      <Filter>헤더 파일</Filter>
    </ClInclude>
    <ClInclude Include="DeckDetailMainLowerCenterDlg.h">
      <Filter>헤더 파일</Filter>
    </ClInclude>
    <ClInclude Include="DeckDetailMainLowerDlg.h">
      <Filter>헤더 파일</Filter>
    </ClInclude>
    <ClInclude Include="DeckDetailMainUpperDlg.h">
      <Filter>헤더 파일</Filter>
    </ClInclude>
    <ClInclude Include="DeckDetailSettlementDlg.h">
      <Filter>헤더 파일</Filter>
    </ClInclude>
    <ClInclude Include="DeckDistriRebarCTCDlg.h">
      <Filter>헤더 파일</Filter>
    </ClInclude>
    <ClInclude Include="DeckDistriRebarDlg.h">
      <Filter>헤더 파일</Filter>
    </ClInclude>
    <ClInclude Include="DeckEtcRebarDlg.h">
      <Filter>헤더 파일</Filter>
    </ClInclude>
    <ClInclude Include="DeckGuardFenceDlg.h">
      <Filter>헤더 파일</Filter>
    </ClInclude>
    <ClInclude Include="DeckMainRebarCTCDlg.h">
      <Filter>헤더 파일</Filter>
    </ClInclude>
    <ClInclude Include="DeckMainRebarDlg.h">
      <Filter>헤더 파일</Filter>
    </ClInclude>
    <ClInclude Include="DeckMainSkewRebarCTCDlg.h">
      <Filter>헤더 파일</Filter>
    </ClInclude>
    <ClInclude Include="DeckPlanRebarDlg.h">
      <Filter>헤더 파일</Filter>
    </ClInclude>
    <ClInclude Include="DeckRebarInfoDlg.h">
      <Filter>헤더 파일</Filter>
    </ClInclude>
    <ClInclude Include="DeckRebarJewonDlg.h">
      <Filter>헤더 파일</Filter>
    </ClInclude>
    <ClInclude Include="DeckSabogangCTCDlg.h">
      <Filter>헤더 파일</Filter>
    </ClInclude>
    <ClInclude Include="DesignBaseDlg.h">
      <Filter>헤더 파일</Filter>
    </ClInclude>
    <ClInclude Include="DesignBMPage.h">
      <Filter>헤더 파일</Filter>
    </ClInclude>
    <ClInclude Include="DesignBoltPage.h">
      <Filter>헤더 파일</Filter>
    </ClInclude>
    <ClInclude Include="DesignConcretePage.h">
      <Filter>헤더 파일</Filter>
    </ClInclude>
    <ClInclude Include="DesignCSteelPage.h">
      <Filter>헤더 파일</Filter>
    </ClInclude>
    <ClInclude Include="DesignCTSteelPage.h">
      <Filter>헤더 파일</Filter>
    </ClInclude>
    <ClInclude Include="DesignDeductPage.h">
      <Filter>헤더 파일</Filter>
    </ClInclude>
    <ClInclude Include="DesignFrictionCoeffPage.h">
      <Filter>헤더 파일</Filter>
    </ClInclude>
    <ClInclude Include="DesignGradePage.h">
      <Filter>헤더 파일</Filter>
    </ClInclude>
    <ClInclude Include="DesignHSteelPage.h">
      <Filter>헤더 파일</Filter>
    </ClInclude>
    <ClInclude Include="DesignISteelPage.h">
      <Filter>헤더 파일</Filter>
    </ClInclude>
    <ClInclude Include="DesignLSteelPage.h">
      <Filter>헤더 파일</Filter>
    </ClInclude>
    <ClInclude Include="DesignLVarSteelPage.h">
      <Filter>헤더 파일</Filter>
    </ClInclude>
    <ClInclude Include="DesignMaterialPropertyPage.h">
      <Filter>헤더 파일</Filter>
    </ClInclude>
    <ClInclude Include="DesignPage.h">
      <Filter>헤더 파일</Filter>
    </ClInclude>
    <ClInclude Include="DesignPageDlg.h">
      <Filter>헤더 파일</Filter>
    </ClInclude>
    <ClInclude Include="DesignPrestressPage.h">
      <Filter>헤더 파일</Filter>
    </ClInclude>
    <ClInclude Include="DesignPrestressPropertyPage.h">
      <Filter>헤더 파일</Filter>
    </ClInclude>
    <ClInclude Include="DesignScallopPage.h">
      <Filter>헤더 파일</Filter>
    </ClInclude>
    <ClInclude Include="DesignSpecialMovingLoad.h">
      <Filter>헤더 파일</Filter>
    </ClInclude>
    <ClInclude Include="DesignSteelDimPage.h">
      <Filter>헤더 파일</Filter>
    </ClInclude>
    <ClInclude Include="DesignSteelMaterialPage.h">
      <Filter>헤더 파일</Filter>
    </ClInclude>
    <ClInclude Include="DesignStudPage.h">
      <Filter>헤더 파일</Filter>
    </ClInclude>
    <ClInclude Include="DesignUWeightPage.h">
      <Filter>헤더 파일</Filter>
    </ClInclude>
    <ClInclude Include="DesignWeldPage.h">
      <Filter>헤더 파일</Filter>
    </ClInclude>
    <ClInclude Include="DetBracketDlg.h">
      <Filter>헤더 파일</Filter>
    </ClInclude>
    <ClInclude Include="DetBracketStiffDlg.h">
      <Filter>헤더 파일</Filter>
    </ClInclude>
    <ClInclude Include="DetCamberJewonDlg.h">
      <Filter>헤더 파일</Filter>
    </ClInclude>
    <ClInclude Include="DetCrossBeamTypeDlg.h">
      <Filter>헤더 파일</Filter>
    </ClInclude>
    <ClInclude Include="DetDanTaperDlg.h">
      <Filter>헤더 파일</Filter>
    </ClInclude>
    <ClInclude Include="DetEtcInputDlg.h">
      <Filter>헤더 파일</Filter>
    </ClInclude>
    <ClInclude Include="DetFieldJoinDlg.h">
      <Filter>헤더 파일</Filter>
    </ClInclude>
    <ClInclude Include="DetHBracing.h">
      <Filter>헤더 파일</Filter>
    </ClInclude>
    <ClInclude Include="DetHBracingScallop.h">
      <Filter>헤더 파일</Filter>
    </ClInclude>
    <ClInclude Include="DetHStiffDlg.h">
      <Filter>헤더 파일</Filter>
    </ClInclude>
    <ClInclude Include="DetLiftLugDlg.h">
      <Filter>헤더 파일</Filter>
    </ClInclude>
    <ClInclude Include="DetPlateWShiftDlg.h">
      <Filter>헤더 파일</Filter>
    </ClInclude>
    <ClInclude Include="DetSHConnectorVPosDlg.h">
      <Filter>헤더 파일</Filter>
    </ClInclude>
    <ClInclude Include="DetSlabAnchor.h">
      <Filter>헤더 파일</Filter>
    </ClInclude>
    <ClInclude Include="DetSolePlateDlg.h">
      <Filter>헤더 파일</Filter>
    </ClInclude>
    <ClInclude Include="DetStagingRingDlg.h">
      <Filter>헤더 파일</Filter>
    </ClInclude>
    <ClInclude Include="DetVBracingTypeDlg.h">
      <Filter>헤더 파일</Filter>
    </ClInclude>
    <ClInclude Include="DetVStiffJewonDlg.h">
      <Filter>헤더 파일</Filter>
    </ClInclude>
    <ClInclude Include="DetWebHStiffPosDlg.h">
      <Filter>헤더 파일</Filter>
    </ClInclude>
    <ClInclude Include="DialogInstallBeryukAtBlockout.h">
      <Filter>헤더 파일</Filter>
    </ClInclude>
    <ClInclude Include="DialogInstallMainAtBlockout.h">
      <Filter>헤더 파일</Filter>
    </ClInclude>
    <ClInclude Include="EarthQuackDlg.h">
      <Filter>헤더 파일</Filter>
    </ClInclude>
    <ClInclude Include="EarthQuackFactDlg.h">
      <Filter>헤더 파일</Filter>
    </ClInclude>
    <ClInclude Include="EarthQUackGradeDlg.h">
      <Filter>헤더 파일</Filter>
    </ClInclude>
    <ClInclude Include="ExpansionJointTypeDlg.h">
      <Filter>헤더 파일</Filter>
    </ClInclude>
    <ClInclude Include="FactJoinPositionDlg.h">
      <Filter>헤더 파일</Filter>
    </ClInclude>
    <ClInclude Include="FieldJoinPositionDlg.h">
      <Filter>헤더 파일</Filter>
    </ClInclude>
    <ClInclude Include="FileProgressDlg.h">
      <Filter>헤더 파일</Filter>
    </ClInclude>
    <ClInclude Include="GeneralBaseDlg.h">
      <Filter>헤더 파일</Filter>
    </ClInclude>
    <ClInclude Include="GeneralBaseStd.h">
      <Filter>헤더 파일</Filter>
    </ClInclude>
    <ClInclude Include="GeneralInput.h">
      <Filter>헤더 파일</Filter>
    </ClInclude>
    <ClInclude Include="GirHeightUserDlg.h">
      <Filter>헤더 파일</Filter>
    </ClInclude>
    <ClInclude Include="GuardFenceTypeDlg.h">
      <Filter>헤더 파일</Filter>
    </ClInclude>
    <ClInclude Include="HBracingPositionDlg.h">
      <Filter>헤더 파일</Filter>
    </ClInclude>
    <ClInclude Include="HBrSpStdInputDlg.h">
      <Filter>헤더 파일</Filter>
    </ClInclude>
    <ClInclude Include="HDanDlg.h">
      <Filter>헤더 파일</Filter>
    </ClInclude>
    <ClInclude Include="JackupPositionDlg.h">
      <Filter>헤더 파일</Filter>
    </ClInclude>
    <ClInclude Include="JackupSolePlateDlg.h">
      <Filter>헤더 파일</Filter>
    </ClInclude>
    <ClInclude Include="JiganGusengDlg.h">
      <Filter>헤더 파일</Filter>
    </ClInclude>
    <ClInclude Include="JijumAngleDlg.h">
      <Filter>헤더 파일</Filter>
    </ClInclude>
    <ClInclude Include="JijumStiffDlg.h">
      <Filter>헤더 파일</Filter>
    </ClInclude>
    <ClInclude Include="JointRestraintDlg.h">
      <Filter>헤더 파일</Filter>
    </ClInclude>
    <ClInclude Include="JRibPosition.h">
      <Filter>헤더 파일</Filter>
    </ClInclude>
    <ClInclude Include="labelcontrol.h">
      <Filter>헤더 파일</Filter>
    </ClInclude>
    <ClInclude Include="PaintOutAssembly.h">
      <Filter>헤더 파일</Filter>
    </ClInclude>
    <ClInclude Include="PaintOutSheet.h">
      <Filter>헤더 파일</Filter>
    </ClInclude>
    <ClInclude Include="picture.h">
      <Filter>헤더 파일</Filter>
    </ClInclude>
    <ClInclude Include="PlateStressOut.h">
      <Filter>헤더 파일</Filter>
    </ClInclude>
    <ClInclude Include="RebarAddRateDlg.h">
      <Filter>헤더 파일</Filter>
    </ClInclude>
    <ClInclude Include="ReDir.h">
      <Filter>헤더 파일</Filter>
    </ClInclude>
    <ClInclude Include="Redirect.h">
      <Filter>헤더 파일</Filter>
    </ClInclude>
    <ClInclude Include="Resource.h">
      <Filter>헤더 파일</Filter>
    </ClInclude>
    <ClInclude Include="ResultDlg.h">
      <Filter>헤더 파일</Filter>
    </ClInclude>
    <ClInclude Include="RistModule.h">
      <Filter>헤더 파일</Filter>
    </ClInclude>
    <ClInclude Include="SelectLineDlg.h">
      <Filter>헤더 파일</Filter>
    </ClInclude>
    <ClInclude Include="SelGirderHeightRangeDlg.h">
      <Filter>헤더 파일</Filter>
    </ClInclude>
    <ClInclude Include="ShCheckButton.h">
      <Filter>헤더 파일</Filter>
    </ClInclude>
    <ClInclude Include="ShearBarTypeDlg.h">
      <Filter>헤더 파일</Filter>
    </ClInclude>
    <ClInclude Include="ShellFileOp.h">
      <Filter>헤더 파일</Filter>
    </ClInclude>
    <ClInclude Include="ShoeSelectDlg.h">
      <Filter>헤더 파일</Filter>
    </ClInclude>
    <ClInclude Include="ShoeZapyoDlg.h">
      <Filter>헤더 파일</Filter>
    </ClInclude>
    <ClInclude Include="SlabJewonDlg.h">
      <Filter>헤더 파일</Filter>
    </ClInclude>
    <ClInclude Include="SlabStructureDlg.h">
      <Filter>헤더 파일</Filter>
    </ClInclude>
    <ClInclude Include="SpliceBoltPositionDlg.h">
      <Filter>헤더 파일</Filter>
    </ClInclude>
    <ClInclude Include="SpliceDesignResult.h">
      <Filter>헤더 파일</Filter>
    </ClInclude>
    <ClInclude Include="StackDialog.h">
      <Filter>헤더 파일</Filter>
    </ClInclude>
    <ClInclude Include="StartPointJewonDlg.h">
      <Filter>헤더 파일</Filter>
    </ClInclude>
    <ClInclude Include="StdAfx.h">
      <Filter>헤더 파일</Filter>
    </ClInclude>
    <ClInclude Include="SubCrossHeightRistDlg.h">
      <Filter>헤더 파일</Filter>
    </ClInclude>
    <ClInclude Include="SubInputTensionBarDlg.h">
      <Filter>헤더 파일</Filter>
    </ClInclude>
    <ClInclude Include="SubRistRefImgDlg.h">
      <Filter>헤더 파일</Filter>
    </ClInclude>
    <ClInclude Include="SubSlabHunchInputDlg.h">
      <Filter>헤더 파일</Filter>
    </ClInclude>
    <ClInclude Include="TotalViewDlg.h">
      <Filter>헤더 파일</Filter>
    </ClInclude>
    <ClInclude Include="UserDesignCheckDlg.h">
      <Filter>헤더 파일</Filter>
    </ClInclude>
    <ClInclude Include="VBracingPositionDlg.h">
      <Filter>헤더 파일</Filter>
    </ClInclude>
    <ClInclude Include="VStiffPositionDlg.h">
      <Filter>헤더 파일</Filter>
    </ClInclude>
    <ClInclude Include="VStiffStdInputDlg.h">
      <Filter>헤더 파일</Filter>
    </ClInclude>
    <ClInclude Include="WeldOutAssembly.h">
      <Filter>헤더 파일</Filter>
    </ClInclude>
    <ClInclude Include="WeldOutSheet.h">
      <Filter>헤더 파일</Filter>
    </ClInclude>
    <ClInclude Include="BindConcJewonDlg.h">
      <Filter>헤더 파일</Filter>
    </ClInclude>
    <ClInclude Include="AbutPierDlg.h">
      <Filter>헤더 파일</Filter>
    </ClInclude>
    <ClInclude Include="BaseInfoDlg.h">
      <Filter>헤더 파일</Filter>
    </ClInclude>
  </ItemGroup>
  <ItemGroup>
    <CustomBuild Include="GeneralInput.def">
      <Filter>리소스 파일</Filter>
    </CustomBuild>
    <CustomBuild Include="res\bitmap5.bmp">
      <Filter>리소스 파일</Filter>
    </CustomBuild>
    <CustomBuild Include="res\bitmap6.bmp">
      <Filter>리소스 파일</Filter>
    </CustomBuild>
    <CustomBuild Include="res\bitmap7.bmp">
      <Filter>리소스 파일</Filter>
    </CustomBuild>
    <CustomBuild Include="res\bitmap8.bmp">
      <Filter>리소스 파일</Filter>
    </CustomBuild>
    <CustomBuild Include="res\bitmap_apply.bmp">
      <Filter>리소스 파일</Filter>
    </CustomBuild>
    <CustomBuild Include="res\bitmap_b.bmp">
      <Filter>리소스 파일</Filter>
    </CustomBuild>
    <CustomBuild Include="res\bitmap_bracingtype.bmp">
      <Filter>리소스 파일</Filter>
    </CustomBuild>
    <CustomBuild Include="res\bitmap_byuntype1.bmp">
      <Filter>리소스 파일</Filter>
    </CustomBuild>
    <CustomBuild Include="res\bitmap_byuntype2.bmp">
      <Filter>리소스 파일</Filter>
    </CustomBuild>
    <CustomBuild Include="res\bitmap_byuntype3.bmp">
      <Filter>리소스 파일</Filter>
    </CustomBuild>
    <CustomBuild Include="res\bitmap_byuntype4.bmp">
      <Filter>리소스 파일</Filter>
    </CustomBuild>
    <CustomBuild Include="res\bitmap_c.bmp">
      <Filter>리소스 파일</Filter>
    </CustomBuild>
    <CustomBuild Include="res\bitmap_g.bmp">
      <Filter>리소스 파일</Filter>
    </CustomBuild>
    <CustomBuild Include="res\bitmap_h.bmp">
      <Filter>리소스 파일</Filter>
    </CustomBuild>
    <CustomBuild Include="res\bitmap_hBracing.bmp">
      <Filter>리소스 파일</Filter>
    </CustomBuild>
    <CustomBuild Include="res\bitmap_hisNext.bmp">
      <Filter>리소스 파일</Filter>
    </CustomBuild>
    <CustomBuild Include="res\bitmap_hisNextNo.bmp">
      <Filter>리소스 파일</Filter>
    </CustomBuild>
    <CustomBuild Include="res\bitmap_hisPrev.bmp">
      <Filter>리소스 파일</Filter>
    </CustomBuild>
    <CustomBuild Include="res\bitmap_hisPrevNo.bmp">
      <Filter>리소스 파일</Filter>
    </CustomBuild>
    <CustomBuild Include="res\bitmap_install_beryuk.bmp">
      <Filter>리소스 파일</Filter>
    </CustomBuild>
    <CustomBuild Include="res\bitmap_install_main.bmp">
      <Filter>리소스 파일</Filter>
    </CustomBuild>
    <CustomBuild Include="res\bitmap_j.bmp">
      <Filter>리소스 파일</Filter>
    </CustomBuild>
    <CustomBuild Include="res\bitmap_k.bmp">
      <Filter>리소스 파일</Filter>
    </CustomBuild>
    <CustomBuild Include="res\bitmap_next.bmp">
      <Filter>리소스 파일</Filter>
    </CustomBuild>
    <CustomBuild Include="res\bitmap_nextall.bmp">
      <Filter>리소스 파일</Filter>
    </CustomBuild>
    <CustomBuild Include="res\bitmap_pin.bmp">
      <Filter>리소스 파일</Filter>
    </CustomBuild>
    <CustomBuild Include="res\bitmap_pin1.bmp">
      <Filter>리소스 파일</Filter>
    </CustomBuild>
    <CustomBuild Include="res\bitmap_pos.bmp">
      <Filter>리소스 파일</Filter>
    </CustomBuild>
    <CustomBuild Include="res\bitmap_prev.bmp">
      <Filter>리소스 파일</Filter>
    </CustomBuild>
    <CustomBuild Include="res\bitmap_prevall.bmp">
      <Filter>리소스 파일</Filter>
    </CustomBuild>
    <CustomBuild Include="res\bitmap_recommand.bmp">
      <Filter>리소스 파일</Filter>
    </CustomBuild>
    <CustomBuild Include="res\bitmap_treebar.bmp">
      <Filter>리소스 파일</Filter>
    </CustomBuild>
    <CustomBuild Include="res\bitmap_uninstall_beryuk.bmp">
      <Filter>리소스 파일</Filter>
    </CustomBuild>
    <CustomBuild Include="res\bitmap_uninstall_main.bmp">
      <Filter>리소스 파일</Filter>
    </CustomBuild>
    <CustomBuild Include="res\bitmap_w.bmp">
      <Filter>리소스 파일</Filter>
    </CustomBuild>
    <CustomBuild Include="res\bmp00001.bmp">
      <Filter>리소스 파일</Filter>
    </CustomBuild>
    <CustomBuild Include="res\bmp00002.bmp">
      <Filter>리소스 파일</Filter>
    </CustomBuild>
    <CustomBuild Include="res\bmp_FactJoint.bmp">
      <Filter>리소스 파일</Filter>
    </CustomBuild>
    <CustomBuild Include="res\bmp_GirderHeight.bmp">
      <Filter>리소스 파일</Filter>
    </CustomBuild>
    <CustomBuild Include="res\bmp_GirderRate.bmp">
      <Filter>리소스 파일</Filter>
    </CustomBuild>
    <CustomBuild Include="res\bmp_HBracing.bmp">
      <Filter>리소스 파일</Filter>
    </CustomBuild>
    <CustomBuild Include="res\bmp_JiJumAngle.bmp">
      <Filter>리소스 파일</Filter>
    </CustomBuild>
    <CustomBuild Include="res\bmp_RIST.bmp">
      <Filter>리소스 파일</Filter>
    </CustomBuild>
    <CustomBuild Include="res\bmp_SttEndI1.bmp">
      <Filter>리소스 파일</Filter>
    </CustomBuild>
    <CustomBuild Include="res\bmp_SttEndI2.bmp">
      <Filter>리소스 파일</Filter>
    </CustomBuild>
    <CustomBuild Include="res\bmp_SttEndI3.bmp">
      <Filter>리소스 파일</Filter>
    </CustomBuild>
    <CustomBuild Include="res\checkoff.bmp">
      <Filter>리소스 파일</Filter>
    </CustomBuild>
    <CustomBuild Include="res\checkon.bmp">
      <Filter>리소스 파일</Filter>
    </CustomBuild>
    <CustomBuild Include="res\CompressStress.bmp">
      <Filter>리소스 파일</Filter>
    </CustomBuild>
    <CustomBuild Include="res\GeneralInput.rc2">
      <Filter>리소스 파일</Filter>
    </CustomBuild>
    <CustomBuild Include="res\girht1_down.bmp">
      <Filter>리소스 파일</Filter>
    </CustomBuild>
    <CustomBuild Include="res\girht2_down.bmp">
      <Filter>리소스 파일</Filter>
    </CustomBuild>
    <CustomBuild Include="res\girht3_down.bmp">
      <Filter>리소스 파일</Filter>
    </CustomBuild>
    <CustomBuild Include="res\girht4_down.bmp">
      <Filter>리소스 파일</Filter>
    </CustomBuild>
    <CustomBuild Include="res\girhtra1.bmp">
      <Filter>리소스 파일</Filter>
    </CustomBuild>
    <CustomBuild Include="res\girhtra2.bmp">
      <Filter>리소스 파일</Filter>
    </CustomBuild>
    <CustomBuild Include="res\girhtra3.bmp">
      <Filter>리소스 파일</Filter>
    </CustomBuild>
    <CustomBuild Include="res\girhtra4.bmp">
      <Filter>리소스 파일</Filter>
    </CustomBuild>
    <CustomBuild Include="res\Guard1.bmp">
      <Filter>리소스 파일</Filter>
    </CustomBuild>
    <CustomBuild Include="res\Guard2.bmp">
      <Filter>리소스 파일</Filter>
    </CustomBuild>
    <CustomBuild Include="res\Guard3.bmp">
      <Filter>리소스 파일</Filter>
    </CustomBuild>
    <CustomBuild Include="res\Guard4.bmp">
      <Filter>리소스 파일</Filter>
    </CustomBuild>
    <CustomBuild Include="res\Guard5.bmp">
      <Filter>리소스 파일</Filter>
    </CustomBuild>
    <CustomBuild Include="res\Guard6.bmp">
      <Filter>리소스 파일</Filter>
    </CustomBuild>
    <CustomBuild Include="res\Guard7.bmp">
      <Filter>리소스 파일</Filter>
    </CustomBuild>
    <CustomBuild Include="res\ShearBar1.bmp">
      <Filter>리소스 파일</Filter>
    </CustomBuild>
    <CustomBuild Include="res\ShearBar2.bmp">
      <Filter>리소스 파일</Filter>
    </CustomBuild>
    <CustomBuild Include="res\ShearBar3.bmp">
      <Filter>리소스 파일</Filter>
    </CustomBuild>
    <CustomBuild Include="res\ShearButtonD.bmp">
      <Filter>리소스 파일</Filter>
    </CustomBuild>
    <CustomBuild Include="res\ShearButtonU.bmp">
      <Filter>리소스 파일</Filter>
    </CustomBuild>
    <CustomBuild Include="res\ShearStress1.bmp">
      <Filter>리소스 파일</Filter>
    </CustomBuild>
    <CustomBuild Include="res\ShearStress2.bmp">
      <Filter>리소스 파일</Filter>
    </CustomBuild>
    <CustomBuild Include="res\tank.bmp">
      <Filter>리소스 파일</Filter>
    </CustomBuild>
    <CustomBuild Include="res\TensionStress.bmp">
      <Filter>리소스 파일</Filter>
    </CustomBuild>
    <CustomBuild Include="res\toolbar_.bmp">
      <Filter>리소스 파일</Filter>
    </CustomBuild>
    <CustomBuild Include="res\trailer.bmp">
      <Filter>리소스 파일</Filter>
    </CustomBuild>
    <CustomBuild Include="res\TREE_MENU.bmp">
      <Filter>리소스 파일</Filter>
    </CustomBuild>
    <CustomBuild Include="res\가까운헌치부.bmp">
      <Filter>리소스 파일</Filter>
    </CustomBuild>
    <CustomBuild Include="res\기역배치-dn.bmp">
      <Filter>리소스 파일</Filter>
    </CustomBuild>
    <CustomBuild Include="res\기역배치.bmp">
      <Filter>리소스 파일</Filter>
    </CustomBuild>
    <CustomBuild Include="res\먼헌치부.bmp">
      <Filter>리소스 파일</Filter>
    </CustomBuild>
    <CustomBuild Include="res\분리배치.bmp">
      <Filter>리소스 파일</Filter>
    </CustomBuild>
    <CustomBuild Include="res\상단부정착장.bmp">
      <Filter>리소스 파일</Filter>
    </CustomBuild>
    <CustomBuild Include="res\전체배치.bmp">
      <Filter>리소스 파일</Filter>
    </CustomBuild>
    <CustomBuild Include="res\중앙부배치.bmp">
      <Filter>리소스 파일</Filter>
    </CustomBuild>
    <CustomBuild Include="res\중앙부배치01.bmp">
      <Filter>리소스 파일</Filter>
    </CustomBuild>
    <CustomBuild Include="res\중앙부배치02.bmp">
      <Filter>리소스 파일</Filter>
    </CustomBuild>
    <CustomBuild Include="res\직선배치.bmp">
      <Filter>리소스 파일</Filter>
    </CustomBuild>
    <CustomBuild Include="res\하단부정착장.bmp">
      <Filter>리소스 파일</Filter>
    </CustomBuild>
    <CustomBuild Include="ReadMe.txt">
      <Filter>리소스 파일</Filter>
    </CustomBuild>
    <CustomBuild Include="res\bitmap1.bmp">
      <Filter>리소스 파일</Filter>
    </CustomBuild>
  </ItemGroup>
  <ItemGroup>
    <Filter Include="헤더 파일">
      <UniqueIdentifier>{cd7af792-587a-4a62-bbc5-e5fe779d033b}</UniqueIdentifier>
    </Filter>
    <Filter Include="소스 파일">
      <UniqueIdentifier>{488669a3-8060-45dc-a5b4-4345aa27044f}</UniqueIdentifier>
    </Filter>
    <Filter Include="리소스 파일">
      <UniqueIdentifier>{18c4cffb-153f-4694-9602-5f8d023817f1}</UniqueIdentifier>
    </Filter>
  </ItemGroup>
  <ItemGroup>
    <ResourceCompile Include="GeneralInput.rc">
      <Filter>리소스 파일</Filter>
    </ResourceCompile>
  </ItemGroup>
</Project>