<?xml version="1.0" encoding="utf-8"?>
<Project ToolsVersion="4.0" xmlns="http://schemas.microsoft.com/developer/msbuild/2003">
  <ItemGroup>
    <ClCompile Include="APlateUI.cpp">
      <Filter>소스 파일</Filter>
    </ClCompile>
    <ClCompile Include="OptionBMPage.cpp">
      <Filter>소스 파일</Filter>
    </ClCompile>
    <ClCompile Include="OptionCamber.cpp">
      <Filter>소스 파일</Filter>
    </ClCompile>
    <ClCompile Include="OptionCrossBeam.cpp">
      <Filter>소스 파일</Filter>
    </ClCompile>
    <ClCompile Include="OptionDeckRebar.cpp">
      <Filter>소스 파일</Filter>
    </ClCompile>
    <ClCompile Include="OptionDetail.cpp">
      <Filter>소스 파일</Filter>
    </ClCompile>
    <ClCompile Include="OptionDetailDim.cpp">
      <Filter>소스 파일</Filter>
    </ClCompile>
    <ClCompile Include="OptionEtcDetail.cpp">
      <Filter>소스 파일</Filter>
    </ClCompile>
    <ClCompile Include="OptionGen.cpp">
      <Filter>소스 파일</Filter>
    </ClCompile>
    <ClCompile Include="OptionGeneral.cpp">
      <Filter>소스 파일</Filter>
    </ClCompile>
    <ClCompile Include="OptionGeneralDim.cpp">
      <Filter>소스 파일</Filter>
    </ClCompile>
    <ClCompile Include="OptionHBracing.cpp">
      <Filter>소스 파일</Filter>
    </ClCompile>
    <ClCompile Include="OptionLineInfo.cpp">
      <Filter>소스 파일</Filter>
    </ClCompile>
    <ClCompile Include="OptionPaint.cpp">
      <Filter>소스 파일</Filter>
    </ClCompile>
    <ClCompile Include="OptionPlanGen.cpp">
      <Filter>소스 파일</Filter>
    </ClCompile>
    <ClCompile Include="OptionSheet.cpp">
      <Filter>소스 파일</Filter>
    </ClCompile>
    <ClCompile Include="OptionShoe.cpp">
      <Filter>소스 파일</Filter>
    </ClCompile>
    <ClCompile Include="OptionSlabGen.cpp">
      <Filter>소스 파일</Filter>
    </ClCompile>
    <ClCompile Include="OptionSplice.cpp">
      <Filter>소스 파일</Filter>
    </ClCompile>
    <ClCompile Include="OptionStd.cpp">
      <Filter>소스 파일</Filter>
    </ClCompile>
    <ClCompile Include="OptionSummary.cpp">
      <Filter>소스 파일</Filter>
    </ClCompile>
    <ClCompile Include="OptionTendon.cpp">
      <Filter>소스 파일</Filter>
    </ClCompile>
    <ClCompile Include="OptionTUGirder.cpp">
      <Filter>소스 파일</Filter>
    </ClCompile>
    <ClCompile Include="OptionVBracing.cpp">
      <Filter>소스 파일</Filter>
    </ClCompile>
    <ClCompile Include="OptionWeldMap.cpp">
      <Filter>소스 파일</Filter>
    </ClCompile>
    <ClCompile Include="StdAfx.cpp">
      <Filter>소스 파일</Filter>
    </ClCompile>
  </ItemGroup>
  <ItemGroup>
    <ClInclude Include="APlateUI.h">
      <Filter>헤더 파일</Filter>
    </ClInclude>
    <ClInclude Include="OptionBMPage.h">
      <Filter>헤더 파일</Filter>
    </ClInclude>
    <ClInclude Include="OptionCamber.h">
      <Filter>헤더 파일</Filter>
    </ClInclude>
    <ClInclude Include="OptionCrossBeam.h">
      <Filter>헤더 파일</Filter>
    </ClInclude>
    <ClInclude Include="OptionDeckRebar.h">
      <Filter>헤더 파일</Filter>
    </ClInclude>
    <ClInclude Include="OptionDetail.h">
      <Filter>헤더 파일</Filter>
    </ClInclude>
    <ClInclude Include="OptionDetailDim.h">
      <Filter>헤더 파일</Filter>
    </ClInclude>
    <ClInclude Include="OptionEtcDetail.h">
      <Filter>헤더 파일</Filter>
    </ClInclude>
    <ClInclude Include="OptionGen.h">
      <Filter>헤더 파일</Filter>
    </ClInclude>
    <ClInclude Include="OptionGeneral.h">
      <Filter>헤더 파일</Filter>
    </ClInclude>
    <ClInclude Include="OptionGeneralDim.h">
      <Filter>헤더 파일</Filter>
    </ClInclude>
    <ClInclude Include="OptionHBracing.h">
      <Filter>헤더 파일</Filter>
    </ClInclude>
    <ClInclude Include="OptionLineInfo.h">
      <Filter>헤더 파일</Filter>
    </ClInclude>
    <ClInclude Include="OptionPaint.h">
      <Filter>헤더 파일</Filter>
    </ClInclude>
    <ClInclude Include="OptionPlanGen.h">
      <Filter>헤더 파일</Filter>
    </ClInclude>
    <ClInclude Include="OptionSheet.h">
      <Filter>헤더 파일</Filter>
    </ClInclude>
    <ClInclude Include="OptionShoe.h">
      <Filter>헤더 파일</Filter>
    </ClInclude>
    <ClInclude Include="OptionSlabGen.h">
      <Filter>헤더 파일</Filter>
    </ClInclude>
    <ClInclude Include="OptionSplice.h">
      <Filter>헤더 파일</Filter>
    </ClInclude>
    <ClInclude Include="OptionStd.h">
      <Filter>헤더 파일</Filter>
    </ClInclude>
    <ClInclude Include="OptionSummary.h">
      <Filter>헤더 파일</Filter>
    </ClInclude>
    <ClInclude Include="OptionTendon.h">
      <Filter>헤더 파일</Filter>
    </ClInclude>
    <ClInclude Include="OptionTUGirder.h">
      <Filter>헤더 파일</Filter>
    </ClInclude>
    <ClInclude Include="OptionVBracing.h">
      <Filter>헤더 파일</Filter>
    </ClInclude>
    <ClInclude Include="OptionWeldMap.h">
      <Filter>헤더 파일</Filter>
    </ClInclude>
    <ClInclude Include="Resource.h">
      <Filter>헤더 파일</Filter>
    </ClInclude>
    <ClInclude Include="StdAfx.h">
      <Filter>헤더 파일</Filter>
    </ClInclude>
  </ItemGroup>
  <ItemGroup>
    <CustomBuild Include="APlateUI.def">
      <Filter>리소스 파일</Filter>
    </CustomBuild>
    <CustomBuild Include="res\APlateUI.rc2">
      <Filter>리소스 파일</Filter>
    </CustomBuild>
    <CustomBuild Include="res\bmp00006.bmp">
      <Filter>리소스 파일</Filter>
    </CustomBuild>
    <CustomBuild Include="res\bmp00007.bmp">
      <Filter>리소스 파일</Filter>
    </CustomBuild>
    <CustomBuild Include="res\bmp00008.bmp">
      <Filter>리소스 파일</Filter>
    </CustomBuild>
    <CustomBuild Include="res\bmp00009.bmp">
      <Filter>리소스 파일</Filter>
    </CustomBuild>
    <CustomBuild Include="res\bmp00011.bmp">
      <Filter>리소스 파일</Filter>
    </CustomBuild>
    <CustomBuild Include="ReadMe.txt">
      <Filter>리소스 파일</Filter>
    </CustomBuild>
  </ItemGroup>
  <ItemGroup>
    <Filter Include="헤더 파일">
      <UniqueIdentifier>{fa56f0f2-4c19-4d29-b312-108143f0c99b}</UniqueIdentifier>
    </Filter>
    <Filter Include="소스 파일">
      <UniqueIdentifier>{fd43b9d0-4e02-40aa-904f-8820bd53df72}</UniqueIdentifier>
    </Filter>
    <Filter Include="리소스 파일">
      <UniqueIdentifier>{ea1a66c2-56b6-47f8-8a80-9c93320dcd24}</UniqueIdentifier>
    </Filter>
  </ItemGroup>
  <ItemGroup>
    <ResourceCompile Include="APlateUI.rc">
      <Filter>리소스 파일</Filter>
    </ResourceCompile>
  </ItemGroup>
</Project>