<?xml version="1.0" encoding="utf-8"?>
<Project ToolsVersion="4.0" xmlns="http://schemas.microsoft.com/developer/msbuild/2003">
  <ItemGroup>
    <ClCompile Include="AddRate.cpp">
      <Filter>소스 파일</Filter>
    </ClCompile>
    <ClCompile Include="ADeckData.cpp">
      <Filter>소스 파일</Filter>
    </ClCompile>
    <ClCompile Include="ADeckDataTU.cpp">
      <Filter>소스 파일</Filter>
    </ClCompile>
    <ClCompile Include="APlateData.cpp">
      <Filter>소스 파일</Filter>
    </ClCompile>
    <ClCompile Include="BMOption.cpp">
      <Filter>소스 파일</Filter>
    </ClCompile>
    <ClCompile Include="BoxOpenBar.cpp">
      <Filter>소스 파일</Filter>
    </ClCompile>
    <ClCompile Include="Bracing.cpp">
      <Filter>소스 파일</Filter>
    </ClCompile>
    <ClCompile Include="CalcData.cpp">
      <Filter>소스 파일</Filter>
    </ClCompile>
    <ClCompile Include="Camber.cpp">
      <Filter>소스 파일</Filter>
    </ClCompile>
    <ClCompile Include="CentSeparation.cpp">
      <Filter>소스 파일</Filter>
    </ClCompile>
    <ClCompile Include="DataManage.cpp">
      <Filter>소스 파일</Filter>
    </ClCompile>
    <ClCompile Include="GlobarOption.cpp">
      <Filter>소스 파일</Filter>
    </ClCompile>
    <ClCompile Include="GuardFence.cpp">
      <Filter>소스 파일</Filter>
    </ClCompile>
    <ClCompile Include="HBracingGusset.cpp">
      <Filter>소스 파일</Filter>
    </ClCompile>
    <ClCompile Include="JackupStiff.cpp">
      <Filter>소스 파일</Filter>
    </ClCompile>
    <ClCompile Include="OpenBar.cpp">
      <Filter>소스 파일</Filter>
    </ClCompile>
    <ClCompile Include="PierInfo.cpp">
      <Filter>소스 파일</Filter>
    </ClCompile>
    <ClCompile Include="PlateBaseStru.cpp">
      <Filter>소스 파일</Filter>
    </ClCompile>
    <ClCompile Include="PlateBasicIndex.cpp">
      <Filter>소스 파일</Filter>
    </ClCompile>
    <ClCompile Include="PlateBridge.cpp">
      <Filter>소스 파일</Filter>
    </ClCompile>
    <ClCompile Include="PlateBridgeApp.cpp">
      <Filter>소스 파일</Filter>
    </ClCompile>
    <ClCompile Include="PlateBxFinder.cpp">
      <Filter>소스 파일</Filter>
    </ClCompile>
    <ClCompile Include="PlateBxObject.cpp">
      <Filter>소스 파일</Filter>
    </ClCompile>
    <ClCompile Include="PlateCrossBeam.cpp">
      <Filter>소스 파일</Filter>
    </ClCompile>
    <ClCompile Include="PlateFactChain.cpp">
      <Filter>소스 파일</Filter>
    </ClCompile>
    <ClCompile Include="PlateGirder.cpp">
      <Filter>소스 파일</Filter>
    </ClCompile>
    <ClCompile Include="PlateGirderApp.cpp">
      <Filter>소스 파일</Filter>
    </ClCompile>
    <ClCompile Include="PlatePieceData.cpp">
      <Filter>소스 파일</Filter>
    </ClCompile>
    <ClCompile Include="PlatePieceObject.cpp">
      <Filter>소스 파일</Filter>
    </ClCompile>
    <ClCompile Include="PlatePiecePoint.cpp">
      <Filter>소스 파일</Filter>
    </ClCompile>
    <ClCompile Include="PlatePiecePointArray.cpp">
      <Filter>소스 파일</Filter>
    </ClCompile>
    <ClCompile Include="PlateSplice.cpp">
      <Filter>소스 파일</Filter>
    </ClCompile>
    <ClCompile Include="PlateSpliceBase.cpp">
      <Filter>소스 파일</Filter>
    </ClCompile>
    <ClCompile Include="RangePress.cpp">
      <Filter>소스 파일</Filter>
    </ClCompile>
    <ClCompile Include="RoundOpenBar.cpp">
      <Filter>소스 파일</Filter>
    </ClCompile>
    <ClCompile Include="Section.cpp">
      <Filter>소스 파일</Filter>
    </ClCompile>
    <ClCompile Include="Shoe.cpp">
      <Filter>소스 파일</Filter>
    </ClCompile>
    <ClCompile Include="SlabApp.cpp">
      <Filter>소스 파일</Filter>
    </ClCompile>
    <ClCompile Include="Spacer.cpp">
      <Filter>소스 파일</Filter>
    </ClCompile>
    <ClCompile Include="StdAfx.cpp">
      <Filter>소스 파일</Filter>
    </ClCompile>
    <ClCompile Include="Steel.cpp">
      <Filter>소스 파일</Filter>
    </ClCompile>
    <ClCompile Include="SteelBolt.cpp">
      <Filter>소스 파일</Filter>
    </ClCompile>
    <ClCompile Include="SteelConc.cpp">
      <Filter>소스 파일</Filter>
    </ClCompile>
    <ClCompile Include="SteelConcData.cpp">
      <Filter>소스 파일</Filter>
    </ClCompile>
    <ClCompile Include="SteelDeduct.cpp">
      <Filter>소스 파일</Filter>
    </ClCompile>
    <ClCompile Include="SteelDefine.cpp">
      <Filter>소스 파일</Filter>
    </ClCompile>
    <ClCompile Include="SteelGrade.cpp">
      <Filter>소스 파일</Filter>
    </ClCompile>
    <ClCompile Include="SteelMark.cpp">
      <Filter>소스 파일</Filter>
    </ClCompile>
    <ClCompile Include="SteelMaterial.cpp">
      <Filter>소스 파일</Filter>
    </ClCompile>
    <ClCompile Include="SteelPrestress.cpp">
      <Filter>소스 파일</Filter>
    </ClCompile>
    <ClCompile Include="SteelRange.cpp">
      <Filter>소스 파일</Filter>
    </ClCompile>
    <ClCompile Include="SteelScallop.cpp">
      <Filter>소스 파일</Filter>
    </ClCompile>
    <ClCompile Include="SteelSection.cpp">
      <Filter>소스 파일</Filter>
    </ClCompile>
    <ClCompile Include="SteelStud.cpp">
      <Filter>소스 파일</Filter>
    </ClCompile>
    <ClCompile Include="SteelUWeight.cpp">
      <Filter>소스 파일</Filter>
    </ClCompile>
    <ClCompile Include="SteelWeld.cpp">
      <Filter>소스 파일</Filter>
    </ClCompile>
    <ClCompile Include="SupportRFBar.cpp">
      <Filter>소스 파일</Filter>
    </ClCompile>
    <ClCompile Include="SupportRFBarSet.cpp">
      <Filter>소스 파일</Filter>
    </ClCompile>
    <ClCompile Include="VBracing.cpp">
      <Filter>소스 파일</Filter>
    </ClCompile>
    <ClCompile Include="VStiff.cpp">
      <Filter>소스 파일</Filter>
    </ClCompile>
    <ClCompile Include="WebHStiff.cpp">
      <Filter>소스 파일</Filter>
    </ClCompile>
  </ItemGroup>
  <ItemGroup>
    <ClInclude Include="AddRate.h">
      <Filter>헤더 파일</Filter>
    </ClInclude>
    <ClInclude Include="ADeckData.h">
      <Filter>헤더 파일</Filter>
    </ClInclude>
    <ClInclude Include="ADeckDataTU.h">
      <Filter>헤더 파일</Filter>
    </ClInclude>
    <ClInclude Include="APlateData.h">
      <Filter>헤더 파일</Filter>
    </ClInclude>
    <ClInclude Include="BMOption.h">
      <Filter>헤더 파일</Filter>
    </ClInclude>
    <ClInclude Include="BoxOpenBar.h">
      <Filter>헤더 파일</Filter>
    </ClInclude>
    <ClInclude Include="Bracing.h">
      <Filter>헤더 파일</Filter>
    </ClInclude>
    <ClInclude Include="CalcData.h">
      <Filter>헤더 파일</Filter>
    </ClInclude>
    <ClInclude Include="Camber.h">
      <Filter>헤더 파일</Filter>
    </ClInclude>
    <ClInclude Include="CentSeparation.h">
      <Filter>헤더 파일</Filter>
    </ClInclude>
    <ClInclude Include="DataManage.h">
      <Filter>헤더 파일</Filter>
    </ClInclude>
    <ClInclude Include="GlobarOption.h">
      <Filter>헤더 파일</Filter>
    </ClInclude>
    <ClInclude Include="GuardFence.h">
      <Filter>헤더 파일</Filter>
    </ClInclude>
    <ClInclude Include="HBracingGusset.h">
      <Filter>헤더 파일</Filter>
    </ClInclude>
    <ClInclude Include="JackupStiff.h">
      <Filter>헤더 파일</Filter>
    </ClInclude>
    <ClInclude Include="OpenBar.h">
      <Filter>헤더 파일</Filter>
    </ClInclude>
    <ClInclude Include="PierInfo.h">
      <Filter>헤더 파일</Filter>
    </ClInclude>
    <ClInclude Include="PlateBaseStru.h">
      <Filter>헤더 파일</Filter>
    </ClInclude>
    <ClInclude Include="PlateBasicIndex.h">
      <Filter>헤더 파일</Filter>
    </ClInclude>
    <ClInclude Include="PlateBridge.h">
      <Filter>헤더 파일</Filter>
    </ClInclude>
    <ClInclude Include="PlateBridgeApp.h">
      <Filter>헤더 파일</Filter>
    </ClInclude>
    <ClInclude Include="PlateBxFinder.h">
      <Filter>헤더 파일</Filter>
    </ClInclude>
    <ClInclude Include="PlateBxObject.h">
      <Filter>헤더 파일</Filter>
    </ClInclude>
    <ClInclude Include="PlateCrossBeam.h">
      <Filter>헤더 파일</Filter>
    </ClInclude>
    <ClInclude Include="PlateFactChain.h">
      <Filter>헤더 파일</Filter>
    </ClInclude>
    <ClInclude Include="PlateGirder.h">
      <Filter>헤더 파일</Filter>
    </ClInclude>
    <ClInclude Include="PlateGirderApp.h">
      <Filter>헤더 파일</Filter>
    </ClInclude>
    <ClInclude Include="PlatePieceData.h">
      <Filter>헤더 파일</Filter>
    </ClInclude>
    <ClInclude Include="PlatePieceObject.h">
      <Filter>헤더 파일</Filter>
    </ClInclude>
    <ClInclude Include="PlatePiecePoint.h">
      <Filter>헤더 파일</Filter>
    </ClInclude>
    <ClInclude Include="PlateSplice.h">
      <Filter>헤더 파일</Filter>
    </ClInclude>
    <ClInclude Include="PlateSpliceBase.h">
      <Filter>헤더 파일</Filter>
    </ClInclude>
    <ClInclude Include="RangePress.h">
      <Filter>헤더 파일</Filter>
    </ClInclude>
    <ClInclude Include="Resource.h">
      <Filter>헤더 파일</Filter>
    </ClInclude>
    <ClInclude Include="RoundOpenBar.h">
      <Filter>헤더 파일</Filter>
    </ClInclude>
    <ClInclude Include="Section.h">
      <Filter>헤더 파일</Filter>
    </ClInclude>
    <ClInclude Include="Shoe.h">
      <Filter>헤더 파일</Filter>
    </ClInclude>
    <ClInclude Include="SlabApp.h">
      <Filter>헤더 파일</Filter>
    </ClInclude>
    <ClInclude Include="Spacer.h">
      <Filter>헤더 파일</Filter>
    </ClInclude>
    <ClInclude Include="StdAfx.h">
      <Filter>헤더 파일</Filter>
    </ClInclude>
    <ClInclude Include="Steel.h">
      <Filter>헤더 파일</Filter>
    </ClInclude>
    <ClInclude Include="SteelBolt.h">
      <Filter>헤더 파일</Filter>
    </ClInclude>
    <ClInclude Include="SteelConc.h">
      <Filter>헤더 파일</Filter>
    </ClInclude>
    <ClInclude Include="SteelConcData.h">
      <Filter>헤더 파일</Filter>
    </ClInclude>
    <ClInclude Include="SteelDeduct.h">
      <Filter>헤더 파일</Filter>
    </ClInclude>
    <ClInclude Include="SteelDefine.h">
      <Filter>헤더 파일</Filter>
    </ClInclude>
    <ClInclude Include="SteelGrade.h">
      <Filter>헤더 파일</Filter>
    </ClInclude>
    <ClInclude Include="SteelMark.h">
      <Filter>헤더 파일</Filter>
    </ClInclude>
    <ClInclude Include="SteelMaterial.h">
      <Filter>헤더 파일</Filter>
    </ClInclude>
    <ClInclude Include="SteelPrestress.h">
      <Filter>헤더 파일</Filter>
    </ClInclude>
    <ClInclude Include="SteelRange.h">
      <Filter>헤더 파일</Filter>
    </ClInclude>
    <ClInclude Include="SteelScallop.h">
      <Filter>헤더 파일</Filter>
    </ClInclude>
    <ClInclude Include="SteelSection.h">
      <Filter>헤더 파일</Filter>
    </ClInclude>
    <ClInclude Include="SteelStud.h">
      <Filter>헤더 파일</Filter>
    </ClInclude>
    <ClInclude Include="SteelUWeight.h">
      <Filter>헤더 파일</Filter>
    </ClInclude>
    <ClInclude Include="SteelWeld.h">
      <Filter>헤더 파일</Filter>
    </ClInclude>
    <ClInclude Include="SupportRFBar.h">
      <Filter>헤더 파일</Filter>
    </ClInclude>
    <ClInclude Include="SupportRFBarSet.h">
      <Filter>헤더 파일</Filter>
    </ClInclude>
    <ClInclude Include="VBracing.h">
      <Filter>헤더 파일</Filter>
    </ClInclude>
    <ClInclude Include="VStiff.h">
      <Filter>헤더 파일</Filter>
    </ClInclude>
    <ClInclude Include="WebHStiff.h">
      <Filter>헤더 파일</Filter>
    </ClInclude>
  </ItemGroup>
  <ItemGroup>
    <ResourceCompile Include="APlateData.rc">
      <Filter>리소스 파일</Filter>
    </ResourceCompile>
  </ItemGroup>
  <ItemGroup>
    <CustomBuild Include="APlateData.def">
      <Filter>리소스 파일</Filter>
    </CustomBuild>
    <CustomBuild Include="res\APlateData.rc2">
      <Filter>리소스 파일</Filter>
    </CustomBuild>
    <CustomBuild Include="ReadMe.txt">
      <Filter>리소스 파일</Filter>
    </CustomBuild>
  </ItemGroup>
  <ItemGroup>
    <Filter Include="헤더 파일">
      <UniqueIdentifier>{f80975fe-4f9b-48f1-b379-120e1cd82a8c}</UniqueIdentifier>
    </Filter>
    <Filter Include="소스 파일">
      <UniqueIdentifier>{9eaacdd2-e6f3-4ae9-beaa-9dc84dacdb32}</UniqueIdentifier>
    </Filter>
    <Filter Include="리소스 파일">
      <UniqueIdentifier>{fdbb42c5-8c21-40bb-9c5f-398c60f47775}</UniqueIdentifier>
    </Filter>
  </ItemGroup>
</Project>