<?xml version="1.0" encoding="utf-8"?>
<Project ToolsVersion="4.0" xmlns="http://schemas.microsoft.com/developer/msbuild/2003">
  <ItemGroup>
    <ClCompile Include="BMCreator.cpp">
      <Filter>소스 파일</Filter>
    </ClCompile>
    <ClCompile Include="BMRecord.cpp">
      <Filter>소스 파일</Filter>
    </ClCompile>
    <ClCompile Include="Gangje.cpp">
      <Filter>소스 파일</Filter>
    </ClCompile>
    <ClCompile Include="GangjeBase.cpp">
      <Filter>소스 파일</Filter>
    </ClCompile>
    <ClCompile Include="PaintCreator.cpp">
      <Filter>소스 파일</Filter>
    </ClCompile>
    <ClCompile Include="PaintRecord.cpp">
      <Filter>소스 파일</Filter>
    </ClCompile>
    <ClCompile Include="StdAfx.cpp">
      <Filter>소스 파일</Filter>
    </ClCompile>
    <ClCompile Include="TStandard.cpp">
      <Filter>소스 파일</Filter>
    </ClCompile>
    <ClCompile Include="VAbortPgsDlg.cpp">
      <Filter>소스 파일</Filter>
    </ClCompile>
    <ClCompile Include="WeldCreator.cpp">
      <Filter>소스 파일</Filter>
    </ClCompile>
    <ClCompile Include="WeldRecord.cpp">
      <Filter>소스 파일</Filter>
    </ClCompile>
    <ClCompile Include="WeldStandard.cpp">
      <Filter>소스 파일</Filter>
    </ClCompile>
  </ItemGroup>
  <ItemGroup>
    <ClInclude Include="BMCreator.h">
      <Filter>헤더 파일</Filter>
    </ClInclude>
    <ClInclude Include="BMRecord.h">
      <Filter>헤더 파일</Filter>
    </ClInclude>
    <ClInclude Include="Gangje.h">
      <Filter>헤더 파일</Filter>
    </ClInclude>
    <ClInclude Include="GangjeBase.h">
      <Filter>헤더 파일</Filter>
    </ClInclude>
    <ClInclude Include="PaintCreator.h">
      <Filter>헤더 파일</Filter>
    </ClInclude>
    <ClInclude Include="PaintRecord.h">
      <Filter>헤더 파일</Filter>
    </ClInclude>
    <ClInclude Include="Resource.h">
      <Filter>헤더 파일</Filter>
    </ClInclude>
    <ClInclude Include="StdAfx.h">
      <Filter>헤더 파일</Filter>
    </ClInclude>
    <ClInclude Include="TStandard.h">
      <Filter>헤더 파일</Filter>
    </ClInclude>
    <ClInclude Include="VAbortPgsDlg.h">
      <Filter>헤더 파일</Filter>
    </ClInclude>
    <ClInclude Include="WeldCreator.h">
      <Filter>헤더 파일</Filter>
    </ClInclude>
    <ClInclude Include="WeldRecord.h">
      <Filter>헤더 파일</Filter>
    </ClInclude>
    <ClInclude Include="WeldStandard.h">
      <Filter>헤더 파일</Filter>
    </ClInclude>
  </ItemGroup>
  <ItemGroup>
    <Filter Include="헤더 파일">
      <UniqueIdentifier>{59940902-ec6c-427a-afd6-59974b5dd57a}</UniqueIdentifier>
    </Filter>
    <Filter Include="소스 파일">
      <UniqueIdentifier>{a77baa9f-ede5-4d8b-bf38-dcb47186dea3}</UniqueIdentifier>
    </Filter>
    <Filter Include="리소스 파일">
      <UniqueIdentifier>{99a0110c-642e-467f-b1fd-ea3b5692c5e1}</UniqueIdentifier>
    </Filter>
  </ItemGroup>
  <ItemGroup>
    <ResourceCompile Include="Gangje.rc">
      <Filter>리소스 파일</Filter>
    </ResourceCompile>
  </ItemGroup>
  <ItemGroup>
    <CustomBuild Include="ReadMe.txt">
      <Filter>리소스 파일</Filter>
    </CustomBuild>
  </ItemGroup>
</Project>