<?xml version="1.0" encoding="utf-8"?>
<Project ToolsVersion="4.0" xmlns="http://schemas.microsoft.com/developer/msbuild/2003">
  <ItemGroup>
    <ClCompile Include="APlateDraw.cpp">
      <Filter>소스 파일</Filter>
    </ClCompile>
    <ClCompile Include="APlateDrawDeckRebar.cpp">
      <Filter>소스 파일</Filter>
    </ClCompile>
    <ClCompile Include="APlateDrawDetailDim.cpp">
      <Filter>소스 파일</Filter>
    </ClCompile>
    <ClCompile Include="APlateDrawStd.cpp">
      <Filter>소스 파일</Filter>
    </ClCompile>
    <ClCompile Include="APlateOutBM.cpp">
      <Filter>소스 파일</Filter>
    </ClCompile>
    <ClCompile Include="APlateOutCamber.cpp">
      <Filter>소스 파일</Filter>
    </ClCompile>
    <ClCompile Include="APlateOutCrossBeam.cpp">
      <Filter>소스 파일</Filter>
    </ClCompile>
    <ClCompile Include="APlateOutDetail.cpp">
      <Filter>소스 파일</Filter>
    </ClCompile>
    <ClCompile Include="APlateOutEtcDetail.cpp">
      <Filter>소스 파일</Filter>
    </ClCompile>
    <ClCompile Include="APlateOutGeneral.cpp">
      <Filter>소스 파일</Filter>
    </ClCompile>
    <ClCompile Include="APlateOutHBracing.cpp">
      <Filter>소스 파일</Filter>
    </ClCompile>
    <ClCompile Include="APlateOutLineInfo.cpp">
      <Filter>소스 파일</Filter>
    </ClCompile>
    <ClCompile Include="APlateOutPaintMap.cpp">
      <Filter>소스 파일</Filter>
    </ClCompile>
    <ClCompile Include="APlateOutPlanGen.cpp">
      <Filter>소스 파일</Filter>
    </ClCompile>
    <ClCompile Include="APlateOutShoeCoord.cpp">
      <Filter>소스 파일</Filter>
    </ClCompile>
    <ClCompile Include="APlateOutSlabGen.cpp">
      <Filter>소스 파일</Filter>
    </ClCompile>
    <ClCompile Include="APlateOutSplice.cpp">
      <Filter>소스 파일</Filter>
    </ClCompile>
    <ClCompile Include="APlateOutSummary.cpp">
      <Filter>소스 파일</Filter>
    </ClCompile>
    <ClCompile Include="APlateOutTendon.cpp">
      <Filter>소스 파일</Filter>
    </ClCompile>
    <ClCompile Include="APlateOutTUGirder.cpp">
      <Filter>소스 파일</Filter>
    </ClCompile>
    <ClCompile Include="APlateOutVBracing.cpp">
      <Filter>소스 파일</Filter>
    </ClCompile>
    <ClCompile Include="APlateOutWeldMap.cpp">
      <Filter>소스 파일</Filter>
    </ClCompile>
    <ClCompile Include="StdAfx.cpp">
      <Filter>소스 파일</Filter>
    </ClCompile>
  </ItemGroup>
  <ItemGroup>
    <ClInclude Include="APlateDraw.h">
      <Filter>헤더 파일</Filter>
    </ClInclude>
    <ClInclude Include="APlateDrawDeckRebar.h">
      <Filter>헤더 파일</Filter>
    </ClInclude>
    <ClInclude Include="APlateDrawDetailDim.h">
      <Filter>헤더 파일</Filter>
    </ClInclude>
    <ClInclude Include="APlateDrawStd.h">
      <Filter>헤더 파일</Filter>
    </ClInclude>
    <ClInclude Include="APlateOutBM.h">
      <Filter>헤더 파일</Filter>
    </ClInclude>
    <ClInclude Include="APlateOutCamber.h">
      <Filter>헤더 파일</Filter>
    </ClInclude>
    <ClInclude Include="APlateOutCrossBeam.h">
      <Filter>헤더 파일</Filter>
    </ClInclude>
    <ClInclude Include="APlateOutDetail.h">
      <Filter>헤더 파일</Filter>
    </ClInclude>
    <ClInclude Include="APlateOutEtcDetail.h">
      <Filter>헤더 파일</Filter>
    </ClInclude>
    <ClInclude Include="APlateOutGeneral.h">
      <Filter>헤더 파일</Filter>
    </ClInclude>
    <ClInclude Include="APlateOutHBracing.h">
      <Filter>헤더 파일</Filter>
    </ClInclude>
    <ClInclude Include="APlateOutLineInfo.h">
      <Filter>헤더 파일</Filter>
    </ClInclude>
    <ClInclude Include="APlateOutPaintMap.h">
      <Filter>헤더 파일</Filter>
    </ClInclude>
    <ClInclude Include="APlateOutPlanGen.h">
      <Filter>헤더 파일</Filter>
    </ClInclude>
    <ClInclude Include="APlateOutShoeCoord.h">
      <Filter>헤더 파일</Filter>
    </ClInclude>
    <ClInclude Include="APlateOutSlabGen.h">
      <Filter>헤더 파일</Filter>
    </ClInclude>
    <ClInclude Include="APlateOutSplice.h">
      <Filter>헤더 파일</Filter>
    </ClInclude>
    <ClInclude Include="APlateOutSummary.h">
      <Filter>헤더 파일</Filter>
    </ClInclude>
    <ClInclude Include="APlateOutTendon.h">
      <Filter>헤더 파일</Filter>
    </ClInclude>
    <ClInclude Include="APlateOutTUGirder.h">
      <Filter>헤더 파일</Filter>
    </ClInclude>
    <ClInclude Include="APlateOutVBracing.h">
      <Filter>헤더 파일</Filter>
    </ClInclude>
    <ClInclude Include="APlateOutWeldMap.h">
      <Filter>헤더 파일</Filter>
    </ClInclude>
    <ClInclude Include="Resource.h">
      <Filter>헤더 파일</Filter>
    </ClInclude>
    <ClInclude Include="StdAfx.h">
      <Filter>헤더 파일</Filter>
    </ClInclude>
  </ItemGroup>
  <ItemGroup>
    <CustomBuild Include="APlateDraw.def">
      <Filter>리소스 파일</Filter>
    </CustomBuild>
    <CustomBuild Include="res\APlateDraw.rc2">
      <Filter>리소스 파일</Filter>
    </CustomBuild>
    <CustomBuild Include="ReadMe.txt">
      <Filter>리소스 파일</Filter>
    </CustomBuild>
  </ItemGroup>
  <ItemGroup>
    <Filter Include="헤더 파일">
      <UniqueIdentifier>{b686c847-057f-45bd-8689-9c755f6b0652}</UniqueIdentifier>
    </Filter>
    <Filter Include="소스 파일">
      <UniqueIdentifier>{ea259d66-40a0-4fbf-b65c-cf0e25be2a2f}</UniqueIdentifier>
    </Filter>
    <Filter Include="리소스 파일">
      <UniqueIdentifier>{dd5176a1-503f-4f93-b6cf-905fc1d7bc0d}</UniqueIdentifier>
    </Filter>
  </ItemGroup>
  <ItemGroup>
    <ResourceCompile Include="APlateDraw.rc">
      <Filter>리소스 파일</Filter>
    </ResourceCompile>
  </ItemGroup>
</Project>