
Microsoft Visual Studio Solution File, Format Version 11.00
# Visual Studio 2010
Project("{8BC9CEB8-8B4A-11D0-8D11-00A0C91BC942}") = "APlate", "APlate.vcxproj", "{0693C3C5-B57C-E8B5-FF6A-C9A93281A64A}"
EndProject
Project("{8BC9CEB8-8B4A-11D0-8D11-00A0C91BC942}") = "APlateCalc", "..\Src\APlateCalc\APlateCalc.vcxproj", "{B3BA9925-4E5E-8124-1811-27FBC36378BB}"
EndProject
Project("{8BC9CEB8-8B4A-11D0-8D11-00A0C91BC942}") = "APlateDBDraw", "..\Src\APlateDBDraw\APlateDBDraw.vcxproj", "{A2236CAD-22FD-19C9-562F-20F16246526C}"
EndProject
Project("{8BC9CEB8-8B4A-11D0-8D11-00A0C91BC942}") = "APlateData", "..\Src\APlateData\APlateData.vcxproj", "{137A741E-8FD2-A3B5-B9F4-FDA3CEDF702E}"
EndProject
Project("{8BC9CEB8-8B4A-11D0-8D11-00A0C91BC942}") = "APlateDraw", "..\Src\APlateDraw\APlateDraw.vcxproj", "{DBF49B19-5C07-4C0A-F81D-6516569D4FD5}"
EndProject
Project("{8BC9CEB8-8B4A-11D0-8D11-00A0C91BC942}") = "APlateOutBM", "..\Src\APlateOutBM\APlateOutBM.vcxproj", "{993C6042-6962-45F5-956A-4F44C9E9F2BF}"
	ProjectSection(ProjectDependencies) = postProject
		{ED632A13-0913-7C37-CD08-C7B46911FDF0} = {ED632A13-0913-7C37-CD08-C7B46911FDF0}
		{DBF49B19-5C07-4C0A-F81D-6516569D4FD5} = {DBF49B19-5C07-4C0A-F81D-6516569D4FD5}
		{137A741E-8FD2-A3B5-B9F4-FDA3CEDF702E} = {137A741E-8FD2-A3B5-B9F4-FDA3CEDF702E}
		{B3BA9925-4E5E-8124-1811-27FBC36378BB} = {B3BA9925-4E5E-8124-1811-27FBC36378BB}
		{9968AB27-E056-B678-0E62-E91207401850} = {9968AB27-E056-B678-0E62-E91207401850}
		{8C32454B-0A75-63D5-B606-30DD4B0D4B26} = {8C32454B-0A75-63D5-B606-30DD4B0D4B26}
		{A2236CAD-22FD-19C9-562F-20F16246526C} = {A2236CAD-22FD-19C9-562F-20F16246526C}
		{2336E4B1-346A-C0F1-3BE7-D67B8B7A6CA9} = {2336E4B1-346A-C0F1-3BE7-D67B8B7A6CA9}
	EndProjectSection
EndProject
Project("{8BC9CEB8-8B4A-11D0-8D11-00A0C91BC942}") = "APlateOutCalc", "..\Src\APlateOutCalc\APlateOutCalc.vcxproj", "{ED632A13-0913-7C37-CD08-C7B46911FDF0}"
EndProject
Project("{8BC9CEB8-8B4A-11D0-8D11-00A0C91BC942}") = "APlateUI", "..\Src\APlateUI\APlateUI.vcxproj", "{9968AB27-E056-B678-0E62-E91207401850}"
EndProject
Project("{8BC9CEB8-8B4A-11D0-8D11-00A0C91BC942}") = "Gangje", "..\Src\PlateGangje\PlateGangje.vcxproj", "{2336E4B1-346A-C0F1-3BE7-D67B8B7A6CA9}"
EndProject
Project("{8BC9CEB8-8B4A-11D0-8D11-00A0C91BC942}") = "GeneralInput", "..\Src\GeneralInput\GeneralInput.vcxproj", "{8C32454B-0A75-63D5-B606-30DD4B0D4B26}"
EndProject
Global
	GlobalSection(SolutionConfigurationPlatforms) = preSolution
		Accuracy|Win32 = Accuracy|Win32
		Debug|Win32 = Debug|Win32
		Release|Win32 = Release|Win32
		Template|Win32 = Template|Win32
	EndGlobalSection
	GlobalSection(ProjectConfigurationPlatforms) = postSolution
		{0693C3C5-B57C-E8B5-FF6A-C9A93281A64A}.Accuracy|Win32.ActiveCfg = Release|Win32
		{0693C3C5-B57C-E8B5-FF6A-C9A93281A64A}.Accuracy|Win32.Build.0 = Release|Win32
		{0693C3C5-B57C-E8B5-FF6A-C9A93281A64A}.Debug|Win32.ActiveCfg = Debug|Win32
		{0693C3C5-B57C-E8B5-FF6A-C9A93281A64A}.Debug|Win32.Build.0 = Debug|Win32
		{0693C3C5-B57C-E8B5-FF6A-C9A93281A64A}.Release|Win32.ActiveCfg = Release|Win32
		{0693C3C5-B57C-E8B5-FF6A-C9A93281A64A}.Release|Win32.Build.0 = Release|Win32
		{0693C3C5-B57C-E8B5-FF6A-C9A93281A64A}.Template|Win32.ActiveCfg = Release|Win32
		{0693C3C5-B57C-E8B5-FF6A-C9A93281A64A}.Template|Win32.Build.0 = Release|Win32
		{B3BA9925-4E5E-8124-1811-27FBC36378BB}.Accuracy|Win32.ActiveCfg = Template|Win32
		{B3BA9925-4E5E-8124-1811-27FBC36378BB}.Accuracy|Win32.Build.0 = Template|Win32
		{B3BA9925-4E5E-8124-1811-27FBC36378BB}.Debug|Win32.ActiveCfg = Debug|Win32
		{B3BA9925-4E5E-8124-1811-27FBC36378BB}.Debug|Win32.Build.0 = Debug|Win32
		{B3BA9925-4E5E-8124-1811-27FBC36378BB}.Release|Win32.ActiveCfg = Release|Win32
		{B3BA9925-4E5E-8124-1811-27FBC36378BB}.Release|Win32.Build.0 = Release|Win32
		{B3BA9925-4E5E-8124-1811-27FBC36378BB}.Template|Win32.ActiveCfg = Template|Win32
		{B3BA9925-4E5E-8124-1811-27FBC36378BB}.Template|Win32.Build.0 = Template|Win32
		{A2236CAD-22FD-19C9-562F-20F16246526C}.Accuracy|Win32.ActiveCfg = Template|Win32
		{A2236CAD-22FD-19C9-562F-20F16246526C}.Accuracy|Win32.Build.0 = Template|Win32
		{A2236CAD-22FD-19C9-562F-20F16246526C}.Debug|Win32.ActiveCfg = Debug|Win32
		{A2236CAD-22FD-19C9-562F-20F16246526C}.Debug|Win32.Build.0 = Debug|Win32
		{A2236CAD-22FD-19C9-562F-20F16246526C}.Release|Win32.ActiveCfg = Release|Win32
		{A2236CAD-22FD-19C9-562F-20F16246526C}.Release|Win32.Build.0 = Release|Win32
		{A2236CAD-22FD-19C9-562F-20F16246526C}.Template|Win32.ActiveCfg = Template|Win32
		{A2236CAD-22FD-19C9-562F-20F16246526C}.Template|Win32.Build.0 = Template|Win32
		{137A741E-8FD2-A3B5-B9F4-FDA3CEDF702E}.Accuracy|Win32.ActiveCfg = Template|Win32
		{137A741E-8FD2-A3B5-B9F4-FDA3CEDF702E}.Accuracy|Win32.Build.0 = Template|Win32
		{137A741E-8FD2-A3B5-B9F4-FDA3CEDF702E}.Debug|Win32.ActiveCfg = Debug|Win32
		{137A741E-8FD2-A3B5-B9F4-FDA3CEDF702E}.Debug|Win32.Build.0 = Debug|Win32
		{137A741E-8FD2-A3B5-B9F4-FDA3CEDF702E}.Release|Win32.ActiveCfg = Release|Win32
		{137A741E-8FD2-A3B5-B9F4-FDA3CEDF702E}.Release|Win32.Build.0 = Release|Win32
		{137A741E-8FD2-A3B5-B9F4-FDA3CEDF702E}.Template|Win32.ActiveCfg = Template|Win32
		{137A741E-8FD2-A3B5-B9F4-FDA3CEDF702E}.Template|Win32.Build.0 = Template|Win32
		{DBF49B19-5C07-4C0A-F81D-6516569D4FD5}.Accuracy|Win32.ActiveCfg = Template|Win32
		{DBF49B19-5C07-4C0A-F81D-6516569D4FD5}.Accuracy|Win32.Build.0 = Template|Win32
		{DBF49B19-5C07-4C0A-F81D-6516569D4FD5}.Debug|Win32.ActiveCfg = Debug|Win32
		{DBF49B19-5C07-4C0A-F81D-6516569D4FD5}.Debug|Win32.Build.0 = Debug|Win32
		{DBF49B19-5C07-4C0A-F81D-6516569D4FD5}.Release|Win32.ActiveCfg = Release|Win32
		{DBF49B19-5C07-4C0A-F81D-6516569D4FD5}.Release|Win32.Build.0 = Release|Win32
		{DBF49B19-5C07-4C0A-F81D-6516569D4FD5}.Template|Win32.ActiveCfg = Template|Win32
		{DBF49B19-5C07-4C0A-F81D-6516569D4FD5}.Template|Win32.Build.0 = Template|Win32
		{993C6042-6962-45F5-956A-4F44C9E9F2BF}.Accuracy|Win32.ActiveCfg = Template|Win32
		{993C6042-6962-45F5-956A-4F44C9E9F2BF}.Accuracy|Win32.Build.0 = Template|Win32
		{993C6042-6962-45F5-956A-4F44C9E9F2BF}.Debug|Win32.ActiveCfg = Debug|Win32
		{993C6042-6962-45F5-956A-4F44C9E9F2BF}.Debug|Win32.Build.0 = Debug|Win32
		{993C6042-6962-45F5-956A-4F44C9E9F2BF}.Release|Win32.ActiveCfg = Release|Win32
		{993C6042-6962-45F5-956A-4F44C9E9F2BF}.Release|Win32.Build.0 = Release|Win32
		{993C6042-6962-45F5-956A-4F44C9E9F2BF}.Template|Win32.ActiveCfg = Template|Win32
		{993C6042-6962-45F5-956A-4F44C9E9F2BF}.Template|Win32.Build.0 = Template|Win32
		{ED632A13-0913-7C37-CD08-C7B46911FDF0}.Accuracy|Win32.ActiveCfg = Template|Win32
		{ED632A13-0913-7C37-CD08-C7B46911FDF0}.Accuracy|Win32.Build.0 = Template|Win32
		{ED632A13-0913-7C37-CD08-C7B46911FDF0}.Debug|Win32.ActiveCfg = Debug|Win32
		{ED632A13-0913-7C37-CD08-C7B46911FDF0}.Debug|Win32.Build.0 = Debug|Win32
		{ED632A13-0913-7C37-CD08-C7B46911FDF0}.Release|Win32.ActiveCfg = Release|Win32
		{ED632A13-0913-7C37-CD08-C7B46911FDF0}.Release|Win32.Build.0 = Release|Win32
		{ED632A13-0913-7C37-CD08-C7B46911FDF0}.Template|Win32.ActiveCfg = Template|Win32
		{ED632A13-0913-7C37-CD08-C7B46911FDF0}.Template|Win32.Build.0 = Template|Win32
		{9968AB27-E056-B678-0E62-E91207401850}.Accuracy|Win32.ActiveCfg = Template|Win32
		{9968AB27-E056-B678-0E62-E91207401850}.Accuracy|Win32.Build.0 = Template|Win32
		{9968AB27-E056-B678-0E62-E91207401850}.Debug|Win32.ActiveCfg = Debug|Win32
		{9968AB27-E056-B678-0E62-E91207401850}.Debug|Win32.Build.0 = Debug|Win32
		{9968AB27-E056-B678-0E62-E91207401850}.Release|Win32.ActiveCfg = Release|Win32
		{9968AB27-E056-B678-0E62-E91207401850}.Release|Win32.Build.0 = Release|Win32
		{9968AB27-E056-B678-0E62-E91207401850}.Template|Win32.ActiveCfg = Template|Win32
		{9968AB27-E056-B678-0E62-E91207401850}.Template|Win32.Build.0 = Template|Win32
		{2336E4B1-346A-C0F1-3BE7-D67B8B7A6CA9}.Accuracy|Win32.ActiveCfg = Accuracy|Win32
		{2336E4B1-346A-C0F1-3BE7-D67B8B7A6CA9}.Accuracy|Win32.Build.0 = Accuracy|Win32
		{2336E4B1-346A-C0F1-3BE7-D67B8B7A6CA9}.Debug|Win32.ActiveCfg = Debug|Win32
		{2336E4B1-346A-C0F1-3BE7-D67B8B7A6CA9}.Debug|Win32.Build.0 = Debug|Win32
		{2336E4B1-346A-C0F1-3BE7-D67B8B7A6CA9}.Release|Win32.ActiveCfg = Release|Win32
		{2336E4B1-346A-C0F1-3BE7-D67B8B7A6CA9}.Release|Win32.Build.0 = Release|Win32
		{2336E4B1-346A-C0F1-3BE7-D67B8B7A6CA9}.Template|Win32.ActiveCfg = Template|Win32
		{2336E4B1-346A-C0F1-3BE7-D67B8B7A6CA9}.Template|Win32.Build.0 = Template|Win32
		{8C32454B-0A75-63D5-B606-30DD4B0D4B26}.Accuracy|Win32.ActiveCfg = Template|Win32
		{8C32454B-0A75-63D5-B606-30DD4B0D4B26}.Accuracy|Win32.Build.0 = Template|Win32
		{8C32454B-0A75-63D5-B606-30DD4B0D4B26}.Debug|Win32.ActiveCfg = Debug|Win32
		{8C32454B-0A75-63D5-B606-30DD4B0D4B26}.Debug|Win32.Build.0 = Debug|Win32
		{8C32454B-0A75-63D5-B606-30DD4B0D4B26}.Release|Win32.ActiveCfg = Release|Win32
		{8C32454B-0A75-63D5-B606-30DD4B0D4B26}.Release|Win32.Build.0 = Release|Win32
		{8C32454B-0A75-63D5-B606-30DD4B0D4B26}.Template|Win32.ActiveCfg = Template|Win32
		{8C32454B-0A75-63D5-B606-30DD4B0D4B26}.Template|Win32.Build.0 = Template|Win32
	EndGlobalSection
	GlobalSection(SolutionProperties) = preSolution
		HideSolutionNode = FALSE
	EndGlobalSection
EndGlobal
